
Microsoft Visual Studio Solution File, Format Version 12.00
# Visual Studio 15
VisualStudioVersion = 15.0.27428.1
MinimumVisualStudioVersion = 10.0.40219.1
Project("{FAE04EC0-301F-11D3-BF4B-00C04F79EFBC}") = "ShoppingCenter", "ShoppingCenter\ShoppingCenter.csproj", "{4D542538-4297-449B-8C7D-7A24F9035FCC}"
EndProject
Global
	GlobalSection(SolutionConfigurationPlatforms) = preSolution
		Debug|Any CPU = Debug|Any CPU
		Release|Any CPU = Release|Any CPU
	EndGlobalSection
	GlobalSection(ProjectConfigurationPlatforms) = postSolution
		{4D542538-4297-449B-8C7D-7A24F9035FCC}.Debug|Any CPU.ActiveCfg = Debug|Any CPU
		{4D542538-4297-449B-8C7D-7A24F9035FCC}.Debug|Any CPU.Build.0 = Debug|Any CPU
		{4D542538-4297-449B-8C7D-7A24F9035FCC}.Release|Any CPU.ActiveCfg = Release|Any CPU
		{4D542538-4297-449B-8C7D-7A24F9035FCC}.Release|Any CPU.Build.0 = Release|Any CPU
	EndGlobalSection
	GlobalSection(SolutionProperties) = preSolution
		HideSolutionNode = FALSE
	EndGlobalSection
	GlobalSection(ExtensibilityGlobals) = postSolution
		SolutionGuid = {348ED3A6-9C50-40EE-984F-750C81E0686E}
	EndGlobalSection
EndGlobal
