
Microsoft Visual Studio Solution File, Format Version 12.00
# Visual Studio 15
VisualStudioVersion = 15.0.27130.2027
MinimumVisualStudioVersion = 10.0.40219.1
Project("{FAE04EC0-301F-11D3-BF4B-00C04F79EFBC}") = "01. Sort Even Numbers", "01. Sort Even Numbers\01. Sort Even Numbers.csproj", "{654F7379-CC23-4CD3-A200-BF8B81BC70E4}"
EndProject
Project("{FAE04EC0-301F-11D3-BF4B-00C04F79EFBC}") = "02. Sum Numbers", "02. Sum Numbers\02. Sum Numbers.csproj", "{9FB16683-155A-4E35-8B0C-F451EDD29A80}"
EndProject
Project("{FAE04EC0-301F-11D3-BF4B-00C04F79EFBC}") = "03. Count Uppercase Words", "03. Count Uppercase Words\03. Count Uppercase Words.csproj", "{373032F5-C73B-446E-BF2F-764A56E560FB}"
EndProject
Project("{FAE04EC0-301F-11D3-BF4B-00C04F79EFBC}") = "04. Add VAT", "04. Add VAT\04. Add VAT.csproj", "{3AADBA9E-14A7-4F7F-BF4A-D991EB99CB28}"
EndProject
Project("{FAE04EC0-301F-11D3-BF4B-00C04F79EFBC}") = "05. Filter By Age", "05. Filter By Age\05. Filter By Age.csproj", "{F29850A0-72E9-45C6-ACA4-E175306E6B9F}"
EndProject
Global
	GlobalSection(SolutionConfigurationPlatforms) = preSolution
		Debug|Any CPU = Debug|Any CPU
		Release|Any CPU = Release|Any CPU
	EndGlobalSection
	GlobalSection(ProjectConfigurationPlatforms) = postSolution
		{654F7379-CC23-4CD3-A200-BF8B81BC70E4}.Debug|Any CPU.ActiveCfg = Debug|Any CPU
		{654F7379-CC23-4CD3-A200-BF8B81BC70E4}.Debug|Any CPU.Build.0 = Debug|Any CPU
		{654F7379-CC23-4CD3-A200-BF8B81BC70E4}.Release|Any CPU.ActiveCfg = Release|Any CPU
		{654F7379-CC23-4CD3-A200-BF8B81BC70E4}.Release|Any CPU.Build.0 = Release|Any CPU
		{9FB16683-155A-4E35-8B0C-F451EDD29A80}.Debug|Any CPU.ActiveCfg = Debug|Any CPU
		{9FB16683-155A-4E35-8B0C-F451EDD29A80}.Debug|Any CPU.Build.0 = Debug|Any CPU
		{9FB16683-155A-4E35-8B0C-F451EDD29A80}.Release|Any CPU.ActiveCfg = Release|Any CPU
		{9FB16683-155A-4E35-8B0C-F451EDD29A80}.Release|Any CPU.Build.0 = Release|Any CPU
		{373032F5-C73B-446E-BF2F-764A56E560FB}.Debug|Any CPU.ActiveCfg = Debug|Any CPU
		{373032F5-C73B-446E-BF2F-764A56E560FB}.Debug|Any CPU.Build.0 = Debug|Any CPU
		{373032F5-C73B-446E-BF2F-764A56E560FB}.Release|Any CPU.ActiveCfg = Release|Any CPU
		{373032F5-C73B-446E-BF2F-764A56E560FB}.Release|Any CPU.Build.0 = Release|Any CPU
		{3AADBA9E-14A7-4F7F-BF4A-D991EB99CB28}.Debug|Any CPU.ActiveCfg = Debug|Any CPU
		{3AADBA9E-14A7-4F7F-BF4A-D991EB99CB28}.Debug|Any CPU.Build.0 = Debug|Any CPU
		{3AADBA9E-14A7-4F7F-BF4A-D991EB99CB28}.Release|Any CPU.ActiveCfg = Release|Any CPU
		{3AADBA9E-14A7-4F7F-BF4A-D991EB99CB28}.Release|Any CPU.Build.0 = Release|Any CPU
		{F29850A0-72E9-45C6-ACA4-E175306E6B9F}.Debug|Any CPU.ActiveCfg = Debug|Any CPU
		{F29850A0-72E9-45C6-ACA4-E175306E6B9F}.Debug|Any CPU.Build.0 = Debug|Any CPU
		{F29850A0-72E9-45C6-ACA4-E175306E6B9F}.Release|Any CPU.ActiveCfg = Release|Any CPU
		{F29850A0-72E9-45C6-ACA4-E175306E6B9F}.Release|Any CPU.Build.0 = Release|Any CPU
	EndGlobalSection
	GlobalSection(SolutionProperties) = preSolution
		HideSolutionNode = FALSE
	EndGlobalSection
	GlobalSection(ExtensibilityGlobals) = postSolution
		SolutionGuid = {3AADD62C-C083-48F2-8C7E-07B381FDE3A7}
	EndGlobalSection
EndGlobal
