
Microsoft Visual Studio Solution File, Format Version 12.00
# Visual Studio 15
VisualStudioVersion = 15.0.27428.2037
MinimumVisualStudioVersion = 10.0.40219.1
Project("{FAE04EC0-301F-11D3-BF4B-00C04F79EFBC}") = "IntroductionToEFCore", "IntroductionToEFCore\IntroductionToEFCore.csproj", "{7C6604B4-D66E-4B6A-85FF-2E5369E95884}"
EndProject
Global
	GlobalSection(SolutionConfigurationPlatforms) = preSolution
		Debug|Any CPU = Debug|Any CPU
		Release|Any CPU = Release|Any CPU
	EndGlobalSection
	GlobalSection(ProjectConfigurationPlatforms) = postSolution
		{7C6604B4-D66E-4B6A-85FF-2E5369E95884}.Debug|Any CPU.ActiveCfg = Debug|Any CPU
		{7C6604B4-D66E-4B6A-85FF-2E5369E95884}.Debug|Any CPU.Build.0 = Debug|Any CPU
		{7C6604B4-D66E-4B6A-85FF-2E5369E95884}.Release|Any CPU.ActiveCfg = Release|Any CPU
		{7C6604B4-D66E-4B6A-85FF-2E5369E95884}.Release|Any CPU.Build.0 = Release|Any CPU
	EndGlobalSection
	GlobalSection(SolutionProperties) = preSolution
		HideSolutionNode = FALSE
	EndGlobalSection
	GlobalSection(ExtensibilityGlobals) = postSolution
		SolutionGuid = {82C1519A-67CA-497E-8333-286E727D202E}
	EndGlobalSection
EndGlobal
