
Microsoft Visual Studio Solution File, Format Version 12.00
# Visual Studio 15
VisualStudioVersion = 15.0.26730.16
MinimumVisualStudioVersion = 10.0.40219.1
Project("{FAE04EC0-301F-11D3-BF4B-00C04F79EFBC}") = "01. Largest Common End", "01. Largest Common End\01. Largest Common End.csproj", "{66F9D5E4-9774-42EF-9749-73576B5C6DFD}"
EndProject
Project("{FAE04EC0-301F-11D3-BF4B-00C04F79EFBC}") = "02. Rotate and Sum", "02. Rotate and Sum\02. Rotate and Sum.csproj", "{B51458FC-050E-4FFE-8DAB-07FA384CFDF2}"
EndProject
Project("{FAE04EC0-301F-11D3-BF4B-00C04F79EFBC}") = "03. Fold and Sum", "03. Fold and Sum\03. Fold and Sum.csproj", "{3D974612-80D9-4D25-A29C-25A2F993A3D3}"
EndProject
Project("{FAE04EC0-301F-11D3-BF4B-00C04F79EFBC}") = "04. Sieve of Eratosthenes", "04. Sieve of Eratosthenes\04. Sieve of Eratosthenes.csproj", "{AD139C00-0AAF-4186-B220-93A273B0B10B}"
EndProject
Project("{FAE04EC0-301F-11D3-BF4B-00C04F79EFBC}") = "05. Compare Char Arrays", "05. Compare Char Arrays\05. Compare Char Arrays.csproj", "{018760B3-44D5-4184-A62F-10FB8A407CCC}"
EndProject
Project("{FAE04EC0-301F-11D3-BF4B-00C04F79EFBC}") = "06. Max Seq of Equal Elements", "06. Max Seq of Equal Elements\06. Max Seq of Equal Elements.csproj", "{80FA94F8-5AB8-453B-BFCC-D859F9CF788A}"
EndProject
Project("{FAE04EC0-301F-11D3-BF4B-00C04F79EFBC}") = "07. Max Seq of Incr Elements", "07. Max Seq of Incr Elements\07. Max Seq of Incr Elements.csproj", "{C1463ACD-E6C8-48D4-A1D4-5D2F65E0EA3D}"
EndProject
Project("{FAE04EC0-301F-11D3-BF4B-00C04F79EFBC}") = "08. Most Frequent Number", "08. Most Frequent Number\08. Most Frequent Number.csproj", "{8098CA2C-78D2-4D95-B42C-EE7C4DD64403}"
EndProject
Project("{FAE04EC0-301F-11D3-BF4B-00C04F79EFBC}") = "09. Index of Letters", "09. Index of Letters\09. Index of Letters.csproj", "{C23A49F3-B2F0-4D7E-8F55-AD7E52367709}"
EndProject
Project("{FAE04EC0-301F-11D3-BF4B-00C04F79EFBC}") = "10. Pairs by Difference", "10. Pairs by Difference\10. Pairs by Difference.csproj", "{70D6F1DF-C0F2-4D8D-89C1-F51D9BBA55C5}"
EndProject
Project("{FAE04EC0-301F-11D3-BF4B-00C04F79EFBC}") = "11. Equal Sums", "11. Equal Sums\11. Equal Sums.csproj", "{DA14CF2B-5146-4DB0-A03E-D006CC8A9D88}"
EndProject
Global
	GlobalSection(SolutionConfigurationPlatforms) = preSolution
		Debug|Any CPU = Debug|Any CPU
		Release|Any CPU = Release|Any CPU
	EndGlobalSection
	GlobalSection(ProjectConfigurationPlatforms) = postSolution
		{66F9D5E4-9774-42EF-9749-73576B5C6DFD}.Debug|Any CPU.ActiveCfg = Debug|Any CPU
		{66F9D5E4-9774-42EF-9749-73576B5C6DFD}.Debug|Any CPU.Build.0 = Debug|Any CPU
		{66F9D5E4-9774-42EF-9749-73576B5C6DFD}.Release|Any CPU.ActiveCfg = Release|Any CPU
		{66F9D5E4-9774-42EF-9749-73576B5C6DFD}.Release|Any CPU.Build.0 = Release|Any CPU
		{B51458FC-050E-4FFE-8DAB-07FA384CFDF2}.Debug|Any CPU.ActiveCfg = Debug|Any CPU
		{B51458FC-050E-4FFE-8DAB-07FA384CFDF2}.Debug|Any CPU.Build.0 = Debug|Any CPU
		{B51458FC-050E-4FFE-8DAB-07FA384CFDF2}.Release|Any CPU.ActiveCfg = Release|Any CPU
		{B51458FC-050E-4FFE-8DAB-07FA384CFDF2}.Release|Any CPU.Build.0 = Release|Any CPU
		{3D974612-80D9-4D25-A29C-25A2F993A3D3}.Debug|Any CPU.ActiveCfg = Debug|Any CPU
		{3D974612-80D9-4D25-A29C-25A2F993A3D3}.Debug|Any CPU.Build.0 = Debug|Any CPU
		{3D974612-80D9-4D25-A29C-25A2F993A3D3}.Release|Any CPU.ActiveCfg = Release|Any CPU
		{3D974612-80D9-4D25-A29C-25A2F993A3D3}.Release|Any CPU.Build.0 = Release|Any CPU
		{AD139C00-0AAF-4186-B220-93A273B0B10B}.Debug|Any CPU.ActiveCfg = Debug|Any CPU
		{AD139C00-0AAF-4186-B220-93A273B0B10B}.Debug|Any CPU.Build.0 = Debug|Any CPU
		{AD139C00-0AAF-4186-B220-93A273B0B10B}.Release|Any CPU.ActiveCfg = Release|Any CPU
		{AD139C00-0AAF-4186-B220-93A273B0B10B}.Release|Any CPU.Build.0 = Release|Any CPU
		{018760B3-44D5-4184-A62F-10FB8A407CCC}.Debug|Any CPU.ActiveCfg = Debug|Any CPU
		{018760B3-44D5-4184-A62F-10FB8A407CCC}.Debug|Any CPU.Build.0 = Debug|Any CPU
		{018760B3-44D5-4184-A62F-10FB8A407CCC}.Release|Any CPU.ActiveCfg = Release|Any CPU
		{018760B3-44D5-4184-A62F-10FB8A407CCC}.Release|Any CPU.Build.0 = Release|Any CPU
		{80FA94F8-5AB8-453B-BFCC-D859F9CF788A}.Debug|Any CPU.ActiveCfg = Debug|Any CPU
		{80FA94F8-5AB8-453B-BFCC-D859F9CF788A}.Debug|Any CPU.Build.0 = Debug|Any CPU
		{80FA94F8-5AB8-453B-BFCC-D859F9CF788A}.Release|Any CPU.ActiveCfg = Release|Any CPU
		{80FA94F8-5AB8-453B-BFCC-D859F9CF788A}.Release|Any CPU.Build.0 = Release|Any CPU
		{C1463ACD-E6C8-48D4-A1D4-5D2F65E0EA3D}.Debug|Any CPU.ActiveCfg = Debug|Any CPU
		{C1463ACD-E6C8-48D4-A1D4-5D2F65E0EA3D}.Debug|Any CPU.Build.0 = Debug|Any CPU
		{C1463ACD-E6C8-48D4-A1D4-5D2F65E0EA3D}.Release|Any CPU.ActiveCfg = Release|Any CPU
		{C1463ACD-E6C8-48D4-A1D4-5D2F65E0EA3D}.Release|Any CPU.Build.0 = Release|Any CPU
		{8098CA2C-78D2-4D95-B42C-EE7C4DD64403}.Debug|Any CPU.ActiveCfg = Debug|Any CPU
		{8098CA2C-78D2-4D95-B42C-EE7C4DD64403}.Debug|Any CPU.Build.0 = Debug|Any CPU
		{8098CA2C-78D2-4D95-B42C-EE7C4DD64403}.Release|Any CPU.ActiveCfg = Release|Any CPU
		{8098CA2C-78D2-4D95-B42C-EE7C4DD64403}.Release|Any CPU.Build.0 = Release|Any CPU
		{C23A49F3-B2F0-4D7E-8F55-AD7E52367709}.Debug|Any CPU.ActiveCfg = Debug|Any CPU
		{C23A49F3-B2F0-4D7E-8F55-AD7E52367709}.Debug|Any CPU.Build.0 = Debug|Any CPU
		{C23A49F3-B2F0-4D7E-8F55-AD7E52367709}.Release|Any CPU.ActiveCfg = Release|Any CPU
		{C23A49F3-B2F0-4D7E-8F55-AD7E52367709}.Release|Any CPU.Build.0 = Release|Any CPU
		{70D6F1DF-C0F2-4D8D-89C1-F51D9BBA55C5}.Debug|Any CPU.ActiveCfg = Debug|Any CPU
		{70D6F1DF-C0F2-4D8D-89C1-F51D9BBA55C5}.Debug|Any CPU.Build.0 = Debug|Any CPU
		{70D6F1DF-C0F2-4D8D-89C1-F51D9BBA55C5}.Release|Any CPU.ActiveCfg = Release|Any CPU
		{70D6F1DF-C0F2-4D8D-89C1-F51D9BBA55C5}.Release|Any CPU.Build.0 = Release|Any CPU
		{DA14CF2B-5146-4DB0-A03E-D006CC8A9D88}.Debug|Any CPU.ActiveCfg = Debug|Any CPU
		{DA14CF2B-5146-4DB0-A03E-D006CC8A9D88}.Debug|Any CPU.Build.0 = Debug|Any CPU
		{DA14CF2B-5146-4DB0-A03E-D006CC8A9D88}.Release|Any CPU.ActiveCfg = Release|Any CPU
		{DA14CF2B-5146-4DB0-A03E-D006CC8A9D88}.Release|Any CPU.Build.0 = Release|Any CPU
	EndGlobalSection
	GlobalSection(SolutionProperties) = preSolution
		HideSolutionNode = FALSE
	EndGlobalSection
	GlobalSection(ExtensibilityGlobals) = postSolution
		SolutionGuid = {4B067529-291A-4821-8D7B-FD36CDCE8A14}
	EndGlobalSection
EndGlobal
