
Microsoft Visual Studio Solution File, Format Version 12.00
# Visual Studio 15
VisualStudioVersion = 15.0.27428.2005
MinimumVisualStudioVersion = 10.0.40219.1
Project("{9A19103F-16F7-4668-BE54-9A1E7A4F7556}") = "DungeonsAndCodeWizards", "DungeonsAndCodeWizards\DungeonsAndCodeWizards.csproj", "{A75A1BFB-306D-444F-9BF9-5F3CD7402980}"
EndProject
Global
	GlobalSection(SolutionConfigurationPlatforms) = preSolution
		Debug|Any CPU = Debug|Any CPU
		Release|Any CPU = Release|Any CPU
	EndGlobalSection
	GlobalSection(ProjectConfigurationPlatforms) = postSolution
		{A75A1BFB-306D-444F-9BF9-5F3CD7402980}.Debug|Any CPU.ActiveCfg = Debug|Any CPU
		{A75A1BFB-306D-444F-9BF9-5F3CD7402980}.Debug|Any CPU.Build.0 = Debug|Any CPU
		{A75A1BFB-306D-444F-9BF9-5F3CD7402980}.Release|Any CPU.ActiveCfg = Release|Any CPU
		{A75A1BFB-306D-444F-9BF9-5F3CD7402980}.Release|Any CPU.Build.0 = Release|Any CPU
	EndGlobalSection
	GlobalSection(SolutionProperties) = preSolution
		HideSolutionNode = FALSE
	EndGlobalSection
	GlobalSection(ExtensibilityGlobals) = postSolution
		SolutionGuid = {A429F3FF-849E-4050-AF8F-B206A1766698}
	EndGlobalSection
EndGlobal
