
Microsoft Visual Studio Solution File, Format Version 12.00
# Visual Studio 15
VisualStudioVersion = 15.0.27130.2010
MinimumVisualStudioVersion = 10.0.40219.1
Project("{FAE04EC0-301F-11D3-BF4B-00C04F79EFBC}") = "01. Regeh", "01. Regeh\01. Regeh.csproj", "{0AF6E3C3-4142-4608-B70F-66A2C81EA6A7}"
EndProject
Project("{FAE04EC0-301F-11D3-BF4B-00C04F79EFBC}") = "02. Knight Game", "02. Knight Game\02. Knight Game.csproj", "{AADAA02B-22A8-4F4F-8F9E-541FEBCCDD3E}"
EndProject
Project("{FAE04EC0-301F-11D3-BF4B-00C04F79EFBC}") = "03. Number Wars", "03. Number Wars\03. Number Wars.csproj", "{8B1416C7-DAEF-45F0-B46E-06F3086B16FA}"
EndProject
Project("{FAE04EC0-301F-11D3-BF4B-00C04F79EFBC}") = "04. Hospital", "04. Hospital\04. Hospital.csproj", "{FE5DDD63-61EF-40EF-91BA-16632DD4ED98}"
EndProject
Global
	GlobalSection(SolutionConfigurationPlatforms) = preSolution
		Debug|Any CPU = Debug|Any CPU
		Release|Any CPU = Release|Any CPU
	EndGlobalSection
	GlobalSection(ProjectConfigurationPlatforms) = postSolution
		{0AF6E3C3-4142-4608-B70F-66A2C81EA6A7}.Debug|Any CPU.ActiveCfg = Debug|Any CPU
		{0AF6E3C3-4142-4608-B70F-66A2C81EA6A7}.Debug|Any CPU.Build.0 = Debug|Any CPU
		{0AF6E3C3-4142-4608-B70F-66A2C81EA6A7}.Release|Any CPU.ActiveCfg = Release|Any CPU
		{0AF6E3C3-4142-4608-B70F-66A2C81EA6A7}.Release|Any CPU.Build.0 = Release|Any CPU
		{AADAA02B-22A8-4F4F-8F9E-541FEBCCDD3E}.Debug|Any CPU.ActiveCfg = Debug|Any CPU
		{AADAA02B-22A8-4F4F-8F9E-541FEBCCDD3E}.Debug|Any CPU.Build.0 = Debug|Any CPU
		{AADAA02B-22A8-4F4F-8F9E-541FEBCCDD3E}.Release|Any CPU.ActiveCfg = Release|Any CPU
		{AADAA02B-22A8-4F4F-8F9E-541FEBCCDD3E}.Release|Any CPU.Build.0 = Release|Any CPU
		{8B1416C7-DAEF-45F0-B46E-06F3086B16FA}.Debug|Any CPU.ActiveCfg = Debug|Any CPU
		{8B1416C7-DAEF-45F0-B46E-06F3086B16FA}.Debug|Any CPU.Build.0 = Debug|Any CPU
		{8B1416C7-DAEF-45F0-B46E-06F3086B16FA}.Release|Any CPU.ActiveCfg = Release|Any CPU
		{8B1416C7-DAEF-45F0-B46E-06F3086B16FA}.Release|Any CPU.Build.0 = Release|Any CPU
		{FE5DDD63-61EF-40EF-91BA-16632DD4ED98}.Debug|Any CPU.ActiveCfg = Debug|Any CPU
		{FE5DDD63-61EF-40EF-91BA-16632DD4ED98}.Debug|Any CPU.Build.0 = Debug|Any CPU
		{FE5DDD63-61EF-40EF-91BA-16632DD4ED98}.Release|Any CPU.ActiveCfg = Release|Any CPU
		{FE5DDD63-61EF-40EF-91BA-16632DD4ED98}.Release|Any CPU.Build.0 = Release|Any CPU
	EndGlobalSection
	GlobalSection(SolutionProperties) = preSolution
		HideSolutionNode = FALSE
	EndGlobalSection
	GlobalSection(ExtensibilityGlobals) = postSolution
		SolutionGuid = {0C4FCBF7-D004-46DE-B630-420C0A4C0A2C}
	EndGlobalSection
EndGlobal
