
Microsoft Visual Studio Solution File, Format Version 12.00
# Visual Studio 15
VisualStudioVersion = 15.0.27130.2027
MinimumVisualStudioVersion = 10.0.40219.1
Project("{FAE04EC0-301F-11D3-BF4B-00C04F79EFBC}") = "01. Key Revolver", "01. Key Revolver\01. Key Revolver.csproj", "{E8C7BB62-ABB4-486B-BD8D-FEA0C62742A3}"
EndProject
Project("{FAE04EC0-301F-11D3-BF4B-00C04F79EFBC}") = "02. Sneaking", "02. Sneaking\02. Sneaking.csproj", "{7528DC16-4AA5-4C33-B3C5-8AF38ED3810E}"
EndProject
Project("{FAE04EC0-301F-11D3-BF4B-00C04F79EFBC}") = "03. Crypto Blockchain", "03. Crypto Blockchain\03. Crypto Blockchain.csproj", "{9C208F66-4A83-49F6-9746-346ED9EC513D}"
EndProject
Project("{FAE04EC0-301F-11D3-BF4B-00C04F79EFBC}") = "04. Hit List", "04. Hit List\04. Hit List.csproj", "{A9F55D37-D258-4D6E-911E-32222E748A33}"
EndProject
Global
	GlobalSection(SolutionConfigurationPlatforms) = preSolution
		Debug|Any CPU = Debug|Any CPU
		Release|Any CPU = Release|Any CPU
	EndGlobalSection
	GlobalSection(ProjectConfigurationPlatforms) = postSolution
		{E8C7BB62-ABB4-486B-BD8D-FEA0C62742A3}.Debug|Any CPU.ActiveCfg = Debug|Any CPU
		{E8C7BB62-ABB4-486B-BD8D-FEA0C62742A3}.Debug|Any CPU.Build.0 = Debug|Any CPU
		{E8C7BB62-ABB4-486B-BD8D-FEA0C62742A3}.Release|Any CPU.ActiveCfg = Release|Any CPU
		{E8C7BB62-ABB4-486B-BD8D-FEA0C62742A3}.Release|Any CPU.Build.0 = Release|Any CPU
		{7528DC16-4AA5-4C33-B3C5-8AF38ED3810E}.Debug|Any CPU.ActiveCfg = Debug|Any CPU
		{7528DC16-4AA5-4C33-B3C5-8AF38ED3810E}.Debug|Any CPU.Build.0 = Debug|Any CPU
		{7528DC16-4AA5-4C33-B3C5-8AF38ED3810E}.Release|Any CPU.ActiveCfg = Release|Any CPU
		{7528DC16-4AA5-4C33-B3C5-8AF38ED3810E}.Release|Any CPU.Build.0 = Release|Any CPU
		{9C208F66-4A83-49F6-9746-346ED9EC513D}.Debug|Any CPU.ActiveCfg = Debug|Any CPU
		{9C208F66-4A83-49F6-9746-346ED9EC513D}.Debug|Any CPU.Build.0 = Debug|Any CPU
		{9C208F66-4A83-49F6-9746-346ED9EC513D}.Release|Any CPU.ActiveCfg = Release|Any CPU
		{9C208F66-4A83-49F6-9746-346ED9EC513D}.Release|Any CPU.Build.0 = Release|Any CPU
		{A9F55D37-D258-4D6E-911E-32222E748A33}.Debug|Any CPU.ActiveCfg = Debug|Any CPU
		{A9F55D37-D258-4D6E-911E-32222E748A33}.Debug|Any CPU.Build.0 = Debug|Any CPU
		{A9F55D37-D258-4D6E-911E-32222E748A33}.Release|Any CPU.ActiveCfg = Release|Any CPU
		{A9F55D37-D258-4D6E-911E-32222E748A33}.Release|Any CPU.Build.0 = Release|Any CPU
	EndGlobalSection
	GlobalSection(SolutionProperties) = preSolution
		HideSolutionNode = FALSE
	EndGlobalSection
	GlobalSection(ExtensibilityGlobals) = postSolution
		SolutionGuid = {8BCB4B27-EA71-4B6A-A4DB-0A0C2136462C}
	EndGlobalSection
EndGlobal
