
Microsoft Visual Studio Solution File, Format Version 12.00
# Visual Studio 15
VisualStudioVersion = 15.0.27428.2015
MinimumVisualStudioVersion = 10.0.40219.1
Project("{FAE04EC0-301F-11D3-BF4B-00C04F79EFBC}") = "TirePressureMonitoringSystem", "TirePressureMonitoringSystem\TirePressureMonitoringSystem.csproj", "{DA64A889-5391-40C9-9CBB-1EBDB9504574}"
EndProject
Project("{FAE04EC0-301F-11D3-BF4B-00C04F79EFBC}") = "TirePressureMonitoringSystem.Tests", "TirePressureMonitoringSystem.Tests\TirePressureMonitoringSystem.Tests.csproj", "{B722B93F-84A2-4AB8-A1E9-46D2A5055C56}"
EndProject
Global
	GlobalSection(SolutionConfigurationPlatforms) = preSolution
		Debug|Any CPU = Debug|Any CPU
		Release|Any CPU = Release|Any CPU
	EndGlobalSection
	GlobalSection(ProjectConfigurationPlatforms) = postSolution
		{DA64A889-5391-40C9-9CBB-1EBDB9504574}.Debug|Any CPU.ActiveCfg = Debug|Any CPU
		{DA64A889-5391-40C9-9CBB-1EBDB9504574}.Debug|Any CPU.Build.0 = Debug|Any CPU
		{DA64A889-5391-40C9-9CBB-1EBDB9504574}.Release|Any CPU.ActiveCfg = Release|Any CPU
		{DA64A889-5391-40C9-9CBB-1EBDB9504574}.Release|Any CPU.Build.0 = Release|Any CPU
		{B722B93F-84A2-4AB8-A1E9-46D2A5055C56}.Debug|Any CPU.ActiveCfg = Debug|Any CPU
		{B722B93F-84A2-4AB8-A1E9-46D2A5055C56}.Debug|Any CPU.Build.0 = Debug|Any CPU
		{B722B93F-84A2-4AB8-A1E9-46D2A5055C56}.Release|Any CPU.ActiveCfg = Release|Any CPU
		{B722B93F-84A2-4AB8-A1E9-46D2A5055C56}.Release|Any CPU.Build.0 = Release|Any CPU
	EndGlobalSection
	GlobalSection(SolutionProperties) = preSolution
		HideSolutionNode = FALSE
	EndGlobalSection
	GlobalSection(ExtensibilityGlobals) = postSolution
		SolutionGuid = {4DFAEC5D-E9BF-48C6-A81B-5BEF1303F645}
	EndGlobalSection
EndGlobal
