
Microsoft Visual Studio Solution File, Format Version 12.00
# Visual Studio 15
VisualStudioVersion = 15.0.26730.16
MinimumVisualStudioVersion = 10.0.40219.1
Project("{FAE04EC0-301F-11D3-BF4B-00C04F79EFBC}") = "01. Count Real Numbers", "01. Count Real Numbers\01. Count Real Numbers.csproj", "{FDAE9783-B6B2-47BE-9F45-214A36BB2324}"
EndProject
Project("{FAE04EC0-301F-11D3-BF4B-00C04F79EFBC}") = "02. Odd Occurrences", "02. Odd Occurrences\02. Odd Occurrences.csproj", "{43AE2150-0396-481F-94AD-390BFB03D0A9}"
EndProject
Project("{FAE04EC0-301F-11D3-BF4B-00C04F79EFBC}") = "03. Min, Max, Sum, Average", "03. Min, Max, Sum, Average\03. Min, Max, Sum, Average.csproj", "{A40BE818-7470-4867-AA67-C5D5FE81B9F5}"
EndProject
Project("{FAE04EC0-301F-11D3-BF4B-00C04F79EFBC}") = "04. Largest 3 Numbers", "04. Largest 3 Numbers\04. Largest 3 Numbers.csproj", "{0FDAD4F6-F513-4CA8-AF0D-7BAD090187BA}"
EndProject
Project("{FAE04EC0-301F-11D3-BF4B-00C04F79EFBC}") = "05. Short Words Sorted", "05. Short Words Sorted\05. Short Words Sorted.csproj", "{94785D78-044C-4719-8193-E685206E10CD}"
EndProject
Project("{FAE04EC0-301F-11D3-BF4B-00C04F79EFBC}") = "06. Fold and Sum", "06. Fold and Sum\06. Fold and Sum.csproj", "{72686E9F-D7EA-4B49-9755-0A3207715D74}"
EndProject
Global
	GlobalSection(SolutionConfigurationPlatforms) = preSolution
		Debug|Any CPU = Debug|Any CPU
		Release|Any CPU = Release|Any CPU
	EndGlobalSection
	GlobalSection(ProjectConfigurationPlatforms) = postSolution
		{FDAE9783-B6B2-47BE-9F45-214A36BB2324}.Debug|Any CPU.ActiveCfg = Debug|Any CPU
		{FDAE9783-B6B2-47BE-9F45-214A36BB2324}.Debug|Any CPU.Build.0 = Debug|Any CPU
		{FDAE9783-B6B2-47BE-9F45-214A36BB2324}.Release|Any CPU.ActiveCfg = Release|Any CPU
		{FDAE9783-B6B2-47BE-9F45-214A36BB2324}.Release|Any CPU.Build.0 = Release|Any CPU
		{43AE2150-0396-481F-94AD-390BFB03D0A9}.Debug|Any CPU.ActiveCfg = Debug|Any CPU
		{43AE2150-0396-481F-94AD-390BFB03D0A9}.Debug|Any CPU.Build.0 = Debug|Any CPU
		{43AE2150-0396-481F-94AD-390BFB03D0A9}.Release|Any CPU.ActiveCfg = Release|Any CPU
		{43AE2150-0396-481F-94AD-390BFB03D0A9}.Release|Any CPU.Build.0 = Release|Any CPU
		{A40BE818-7470-4867-AA67-C5D5FE81B9F5}.Debug|Any CPU.ActiveCfg = Debug|Any CPU
		{A40BE818-7470-4867-AA67-C5D5FE81B9F5}.Debug|Any CPU.Build.0 = Debug|Any CPU
		{A40BE818-7470-4867-AA67-C5D5FE81B9F5}.Release|Any CPU.ActiveCfg = Release|Any CPU
		{A40BE818-7470-4867-AA67-C5D5FE81B9F5}.Release|Any CPU.Build.0 = Release|Any CPU
		{0FDAD4F6-F513-4CA8-AF0D-7BAD090187BA}.Debug|Any CPU.ActiveCfg = Debug|Any CPU
		{0FDAD4F6-F513-4CA8-AF0D-7BAD090187BA}.Debug|Any CPU.Build.0 = Debug|Any CPU
		{0FDAD4F6-F513-4CA8-AF0D-7BAD090187BA}.Release|Any CPU.ActiveCfg = Release|Any CPU
		{0FDAD4F6-F513-4CA8-AF0D-7BAD090187BA}.Release|Any CPU.Build.0 = Release|Any CPU
		{94785D78-044C-4719-8193-E685206E10CD}.Debug|Any CPU.ActiveCfg = Debug|Any CPU
		{94785D78-044C-4719-8193-E685206E10CD}.Debug|Any CPU.Build.0 = Debug|Any CPU
		{94785D78-044C-4719-8193-E685206E10CD}.Release|Any CPU.ActiveCfg = Release|Any CPU
		{94785D78-044C-4719-8193-E685206E10CD}.Release|Any CPU.Build.0 = Release|Any CPU
		{72686E9F-D7EA-4B49-9755-0A3207715D74}.Debug|Any CPU.ActiveCfg = Debug|Any CPU
		{72686E9F-D7EA-4B49-9755-0A3207715D74}.Debug|Any CPU.Build.0 = Debug|Any CPU
		{72686E9F-D7EA-4B49-9755-0A3207715D74}.Release|Any CPU.ActiveCfg = Release|Any CPU
		{72686E9F-D7EA-4B49-9755-0A3207715D74}.Release|Any CPU.Build.0 = Release|Any CPU
	EndGlobalSection
	GlobalSection(SolutionProperties) = preSolution
		HideSolutionNode = FALSE
	EndGlobalSection
	GlobalSection(ExtensibilityGlobals) = postSolution
		SolutionGuid = {AE997E3F-4B2D-4B2F-8852-858124C78759}
	EndGlobalSection
EndGlobal
