
Microsoft Visual Studio Solution File, Format Version 12.00
# Visual Studio 15
VisualStudioVersion = 15.0.27703.2042
MinimumVisualStudioVersion = 10.0.40219.1
Project("{FAE04EC0-301F-11D3-BF4B-00C04F79EFBC}") = "Employees", "Employees\Employees.csproj", "{22A92E3A-32C7-4111-8098-8D83076BBC3C}"
EndProject
Project("{FAE04EC0-301F-11D3-BF4B-00C04F79EFBC}") = "Employees.Data", "Employees.Data\Employees.Data.csproj", "{B430B355-6448-4531-9AA3-C1FB6D5E9193}"
EndProject
Project("{FAE04EC0-301F-11D3-BF4B-00C04F79EFBC}") = "Employees.Data.Models", "Employees.Data.Models\Employees.Data.Models.csproj", "{EA7DCA6B-5F95-4378-AE53-07580408C86D}"
EndProject
Global
	GlobalSection(SolutionConfigurationPlatforms) = preSolution
		Debug|Any CPU = Debug|Any CPU
		Release|Any CPU = Release|Any CPU
	EndGlobalSection
	GlobalSection(ProjectConfigurationPlatforms) = postSolution
		{22A92E3A-32C7-4111-8098-8D83076BBC3C}.Debug|Any CPU.ActiveCfg = Debug|Any CPU
		{22A92E3A-32C7-4111-8098-8D83076BBC3C}.Debug|Any CPU.Build.0 = Debug|Any CPU
		{22A92E3A-32C7-4111-8098-8D83076BBC3C}.Release|Any CPU.ActiveCfg = Release|Any CPU
		{22A92E3A-32C7-4111-8098-8D83076BBC3C}.Release|Any CPU.Build.0 = Release|Any CPU
		{B430B355-6448-4531-9AA3-C1FB6D5E9193}.Debug|Any CPU.ActiveCfg = Debug|Any CPU
		{B430B355-6448-4531-9AA3-C1FB6D5E9193}.Debug|Any CPU.Build.0 = Debug|Any CPU
		{B430B355-6448-4531-9AA3-C1FB6D5E9193}.Release|Any CPU.ActiveCfg = Release|Any CPU
		{B430B355-6448-4531-9AA3-C1FB6D5E9193}.Release|Any CPU.Build.0 = Release|Any CPU
		{EA7DCA6B-5F95-4378-AE53-07580408C86D}.Debug|Any CPU.ActiveCfg = Debug|Any CPU
		{EA7DCA6B-5F95-4378-AE53-07580408C86D}.Debug|Any CPU.Build.0 = Debug|Any CPU
		{EA7DCA6B-5F95-4378-AE53-07580408C86D}.Release|Any CPU.ActiveCfg = Release|Any CPU
		{EA7DCA6B-5F95-4378-AE53-07580408C86D}.Release|Any CPU.Build.0 = Release|Any CPU
	EndGlobalSection
	GlobalSection(SolutionProperties) = preSolution
		HideSolutionNode = FALSE
	EndGlobalSection
	GlobalSection(ExtensibilityGlobals) = postSolution
		SolutionGuid = {6689880F-1CA5-4869-A192-F72C70E0079E}
	EndGlobalSection
EndGlobal
