
Microsoft Visual Studio Solution File, Format Version 12.00
# Visual Studio 15
VisualStudioVersion = 15.0.28010.2003
MinimumVisualStudioVersion = 10.0.40219.1
Project("{9A19103F-16F7-4668-BE54-9A1E7A4F7556}") = "SIS.WebServer", "SIS.WebServer\SIS.WebServer.csproj", "{9069BFBB-817C-4FA4-A980-E20E9DD7A469}"
EndProject
Project("{9A19103F-16F7-4668-BE54-9A1E7A4F7556}") = "SIS.HTTP", "SIS.HTTP\SIS.HTTP.csproj", "{9C8ADFD1-16AE-4365-A160-A1C6091A0509}"
EndProject
Project("{9A19103F-16F7-4668-BE54-9A1E7A4F7556}") = "SIS.Framework", "SIS.Framework\SIS.Framework.csproj", "{035FAB55-6E4D-4C26-AB35-DBB6332CBE58}"
EndProject
Project("{2150E333-8FDC-42A3-9474-1A3956D46DE8}") = "Apps", "Apps", "{2010CD02-CEBA-4C99-A411-9F654D30539C}"
EndProject
Project("{2150E333-8FDC-42A3-9474-1A3956D46DE8}") = "PANDA", "PANDA", "{EBEFCE3E-4A2F-4C6E-A6D2-CE6E5331DC7C}"
EndProject
Project("{9A19103F-16F7-4668-BE54-9A1E7A4F7556}") = "PANDA.App", "Apps\PANDA\PANDA.App\PANDA.App.csproj", "{0076CDA8-53C0-4D9A-B242-1BB44D3AC0F0}"
EndProject
Project("{9A19103F-16F7-4668-BE54-9A1E7A4F7556}") = "PANDA.Data", "Apps\PANDA\PANDA.Data\PANDA.Data.csproj", "{266C92D6-4020-43B6-8A6E-7CD60DDC2344}"
EndProject
Project("{9A19103F-16F7-4668-BE54-9A1E7A4F7556}") = "PANDA.Models", "Apps\PANDA\PANDA.Models\PANDA.Models.csproj", "{5F5464A0-29CC-48E3-947F-6536EE9F7E18}"
EndProject
Global
	GlobalSection(SolutionConfigurationPlatforms) = preSolution
		Debug|Any CPU = Debug|Any CPU
		Release|Any CPU = Release|Any CPU
	EndGlobalSection
	GlobalSection(ProjectConfigurationPlatforms) = postSolution
		{9069BFBB-817C-4FA4-A980-E20E9DD7A469}.Debug|Any CPU.ActiveCfg = Debug|Any CPU
		{9069BFBB-817C-4FA4-A980-E20E9DD7A469}.Debug|Any CPU.Build.0 = Debug|Any CPU
		{9069BFBB-817C-4FA4-A980-E20E9DD7A469}.Release|Any CPU.ActiveCfg = Release|Any CPU
		{9069BFBB-817C-4FA4-A980-E20E9DD7A469}.Release|Any CPU.Build.0 = Release|Any CPU
		{9C8ADFD1-16AE-4365-A160-A1C6091A0509}.Debug|Any CPU.ActiveCfg = Debug|Any CPU
		{9C8ADFD1-16AE-4365-A160-A1C6091A0509}.Debug|Any CPU.Build.0 = Debug|Any CPU
		{9C8ADFD1-16AE-4365-A160-A1C6091A0509}.Release|Any CPU.ActiveCfg = Release|Any CPU
		{9C8ADFD1-16AE-4365-A160-A1C6091A0509}.Release|Any CPU.Build.0 = Release|Any CPU
		{035FAB55-6E4D-4C26-AB35-DBB6332CBE58}.Debug|Any CPU.ActiveCfg = Debug|Any CPU
		{035FAB55-6E4D-4C26-AB35-DBB6332CBE58}.Debug|Any CPU.Build.0 = Debug|Any CPU
		{035FAB55-6E4D-4C26-AB35-DBB6332CBE58}.Release|Any CPU.ActiveCfg = Release|Any CPU
		{035FAB55-6E4D-4C26-AB35-DBB6332CBE58}.Release|Any CPU.Build.0 = Release|Any CPU
		{0076CDA8-53C0-4D9A-B242-1BB44D3AC0F0}.Debug|Any CPU.ActiveCfg = Debug|Any CPU
		{0076CDA8-53C0-4D9A-B242-1BB44D3AC0F0}.Debug|Any CPU.Build.0 = Debug|Any CPU
		{0076CDA8-53C0-4D9A-B242-1BB44D3AC0F0}.Release|Any CPU.ActiveCfg = Release|Any CPU
		{0076CDA8-53C0-4D9A-B242-1BB44D3AC0F0}.Release|Any CPU.Build.0 = Release|Any CPU
		{266C92D6-4020-43B6-8A6E-7CD60DDC2344}.Debug|Any CPU.ActiveCfg = Debug|Any CPU
		{266C92D6-4020-43B6-8A6E-7CD60DDC2344}.Debug|Any CPU.Build.0 = Debug|Any CPU
		{266C92D6-4020-43B6-8A6E-7CD60DDC2344}.Release|Any CPU.ActiveCfg = Release|Any CPU
		{266C92D6-4020-43B6-8A6E-7CD60DDC2344}.Release|Any CPU.Build.0 = Release|Any CPU
		{5F5464A0-29CC-48E3-947F-6536EE9F7E18}.Debug|Any CPU.ActiveCfg = Debug|Any CPU
		{5F5464A0-29CC-48E3-947F-6536EE9F7E18}.Debug|Any CPU.Build.0 = Debug|Any CPU
		{5F5464A0-29CC-48E3-947F-6536EE9F7E18}.Release|Any CPU.ActiveCfg = Release|Any CPU
		{5F5464A0-29CC-48E3-947F-6536EE9F7E18}.Release|Any CPU.Build.0 = Release|Any CPU
	EndGlobalSection
	GlobalSection(SolutionProperties) = preSolution
		HideSolutionNode = FALSE
	EndGlobalSection
	GlobalSection(NestedProjects) = preSolution
		{EBEFCE3E-4A2F-4C6E-A6D2-CE6E5331DC7C} = {2010CD02-CEBA-4C99-A411-9F654D30539C}
		{0076CDA8-53C0-4D9A-B242-1BB44D3AC0F0} = {EBEFCE3E-4A2F-4C6E-A6D2-CE6E5331DC7C}
		{266C92D6-4020-43B6-8A6E-7CD60DDC2344} = {EBEFCE3E-4A2F-4C6E-A6D2-CE6E5331DC7C}
		{5F5464A0-29CC-48E3-947F-6536EE9F7E18} = {EBEFCE3E-4A2F-4C6E-A6D2-CE6E5331DC7C}
	EndGlobalSection
	GlobalSection(ExtensibilityGlobals) = postSolution
		SolutionGuid = {7DDABD09-DCFC-4DD2-996C-EDD241D1D1F0}
	EndGlobalSection
EndGlobal
