
Microsoft Visual Studio Solution File, Format Version 12.00
# Visual Studio 15
VisualStudioVersion = 15.0.27428.2015
MinimumVisualStudioVersion = 10.0.40219.1
Project("{FAE04EC0-301F-11D3-BF4B-00C04F79EFBC}") = "UnitTestingExercise", "UnitTestingExercise\UnitTestingExercise.csproj", "{8025EDDF-6BDF-49CD-B64D-76C0C615D39B}"
EndProject
Project("{FAE04EC0-301F-11D3-BF4B-00C04F79EFBC}") = "Tests", "Tests\Tests.csproj", "{1B2C91DD-DD6C-48BA-AD76-55BFC41A33CE}"
EndProject
Global
	GlobalSection(SolutionConfigurationPlatforms) = preSolution
		Debug|Any CPU = Debug|Any CPU
		Release|Any CPU = Release|Any CPU
	EndGlobalSection
	GlobalSection(ProjectConfigurationPlatforms) = postSolution
		{8025EDDF-6BDF-49CD-B64D-76C0C615D39B}.Debug|Any CPU.ActiveCfg = Debug|Any CPU
		{8025EDDF-6BDF-49CD-B64D-76C0C615D39B}.Debug|Any CPU.Build.0 = Debug|Any CPU
		{8025EDDF-6BDF-49CD-B64D-76C0C615D39B}.Release|Any CPU.ActiveCfg = Release|Any CPU
		{8025EDDF-6BDF-49CD-B64D-76C0C615D39B}.Release|Any CPU.Build.0 = Release|Any CPU
		{1B2C91DD-DD6C-48BA-AD76-55BFC41A33CE}.Debug|Any CPU.ActiveCfg = Debug|Any CPU
		{1B2C91DD-DD6C-48BA-AD76-55BFC41A33CE}.Debug|Any CPU.Build.0 = Debug|Any CPU
		{1B2C91DD-DD6C-48BA-AD76-55BFC41A33CE}.Release|Any CPU.ActiveCfg = Release|Any CPU
		{1B2C91DD-DD6C-48BA-AD76-55BFC41A33CE}.Release|Any CPU.Build.0 = Release|Any CPU
	EndGlobalSection
	GlobalSection(SolutionProperties) = preSolution
		HideSolutionNode = FALSE
	EndGlobalSection
	GlobalSection(ExtensibilityGlobals) = postSolution
		SolutionGuid = {7A9510D3-0508-49DE-B7F7-21CF762FB9B9}
	EndGlobalSection
EndGlobal
