
Microsoft Visual Studio Solution File, Format Version 12.00
# Visual Studio 15
VisualStudioVersion = 15.0.27130.2003
MinimumVisualStudioVersion = 10.0.40219.1
Project("{FAE04EC0-301F-11D3-BF4B-00C04F79EFBC}") = "1. Numbers from 1-50", "1. Numbers from 1-50\1. Numbers from 1-50.csproj", "{45C50E6F-AA2D-41AD-9275-717BF90D5356}"
EndProject
Project("{FAE04EC0-301F-11D3-BF4B-00C04F79EFBC}") = "2. TODOList", "2. TODOList\2. TODOList.csproj", "{9AE2DBB2-DC0E-4A4A-9E18-F74F282617B9}"
EndProject
Global
	GlobalSection(SolutionConfigurationPlatforms) = preSolution
		Debug|Any CPU = Debug|Any CPU
		Release|Any CPU = Release|Any CPU
	EndGlobalSection
	GlobalSection(ProjectConfigurationPlatforms) = postSolution
		{45C50E6F-AA2D-41AD-9275-717BF90D5356}.Debug|Any CPU.ActiveCfg = Debug|Any CPU
		{45C50E6F-AA2D-41AD-9275-717BF90D5356}.Debug|Any CPU.Build.0 = Debug|Any CPU
		{45C50E6F-AA2D-41AD-9275-717BF90D5356}.Release|Any CPU.ActiveCfg = Release|Any CPU
		{45C50E6F-AA2D-41AD-9275-717BF90D5356}.Release|Any CPU.Build.0 = Release|Any CPU
		{9AE2DBB2-DC0E-4A4A-9E18-F74F282617B9}.Debug|Any CPU.ActiveCfg = Debug|Any CPU
		{9AE2DBB2-DC0E-4A4A-9E18-F74F282617B9}.Debug|Any CPU.Build.0 = Debug|Any CPU
		{9AE2DBB2-DC0E-4A4A-9E18-F74F282617B9}.Release|Any CPU.ActiveCfg = Release|Any CPU
		{9AE2DBB2-DC0E-4A4A-9E18-F74F282617B9}.Release|Any CPU.Build.0 = Release|Any CPU
	EndGlobalSection
	GlobalSection(SolutionProperties) = preSolution
		HideSolutionNode = FALSE
	EndGlobalSection
	GlobalSection(ExtensibilityGlobals) = postSolution
		SolutionGuid = {B858DFE2-FEBF-4937-8549-26A00A20CC66}
	EndGlobalSection
EndGlobal
