
Microsoft Visual Studio Solution File, Format Version 12.00
# Visual Studio 15
VisualStudioVersion = 15.0.26730.16
MinimumVisualStudioVersion = 10.0.40219.1
Project("{FAE04EC0-301F-11D3-BF4B-00C04F79EFBC}") = "01. Sort Times", "01. Sort Times\01. Sort Times.csproj", "{268CCF46-585B-4C37-8093-E0F1D617E949}"
EndProject
Project("{FAE04EC0-301F-11D3-BF4B-00C04F79EFBC}") = "02. Odd Filter", "02. Odd Filter\02. Odd Filter.csproj", "{868DF48F-ECAD-4C35-B1E4-24ED121A8044}"
EndProject
Project("{FAE04EC0-301F-11D3-BF4B-00C04F79EFBC}") = "03. Immune System", "03. Immune System\03. Immune System.csproj", "{BD23FC8D-CDB0-483C-916D-61B69A48160B}"
EndProject
Project("{FAE04EC0-301F-11D3-BF4B-00C04F79EFBC}") = "04. Supermarket Database", "04. Supermarket Database\04. Supermarket Database.csproj", "{0C60979D-6700-415A-A802-C06F2C4A913B}"
EndProject
Project("{FAE04EC0-301F-11D3-BF4B-00C04F79EFBC}") = "05. Parking Validation", "05. Parking Validation\05. Parking Validation.csproj", "{22908335-F8C9-4E37-A206-59727387D306}"
EndProject
Project("{FAE04EC0-301F-11D3-BF4B-00C04F79EFBC}") = "06. Byte Flip", "06. Byte Flip\06. Byte Flip.csproj", "{F6BCF5AF-10B7-42C4-A993-3386BD12E761}"
EndProject
Project("{FAE04EC0-301F-11D3-BF4B-00C04F79EFBC}") = "07. Take Skip Rope", "07. Take Skip Rope\07. Take Skip Rope.csproj", "{DEFA623D-D887-48A4-866D-CF8EBED45A66}"
EndProject
Global
	GlobalSection(SolutionConfigurationPlatforms) = preSolution
		Debug|Any CPU = Debug|Any CPU
		Release|Any CPU = Release|Any CPU
	EndGlobalSection
	GlobalSection(ProjectConfigurationPlatforms) = postSolution
		{268CCF46-585B-4C37-8093-E0F1D617E949}.Debug|Any CPU.ActiveCfg = Debug|Any CPU
		{268CCF46-585B-4C37-8093-E0F1D617E949}.Debug|Any CPU.Build.0 = Debug|Any CPU
		{268CCF46-585B-4C37-8093-E0F1D617E949}.Release|Any CPU.ActiveCfg = Release|Any CPU
		{268CCF46-585B-4C37-8093-E0F1D617E949}.Release|Any CPU.Build.0 = Release|Any CPU
		{868DF48F-ECAD-4C35-B1E4-24ED121A8044}.Debug|Any CPU.ActiveCfg = Debug|Any CPU
		{868DF48F-ECAD-4C35-B1E4-24ED121A8044}.Debug|Any CPU.Build.0 = Debug|Any CPU
		{868DF48F-ECAD-4C35-B1E4-24ED121A8044}.Release|Any CPU.ActiveCfg = Release|Any CPU
		{868DF48F-ECAD-4C35-B1E4-24ED121A8044}.Release|Any CPU.Build.0 = Release|Any CPU
		{BD23FC8D-CDB0-483C-916D-61B69A48160B}.Debug|Any CPU.ActiveCfg = Debug|Any CPU
		{BD23FC8D-CDB0-483C-916D-61B69A48160B}.Debug|Any CPU.Build.0 = Debug|Any CPU
		{BD23FC8D-CDB0-483C-916D-61B69A48160B}.Release|Any CPU.ActiveCfg = Release|Any CPU
		{BD23FC8D-CDB0-483C-916D-61B69A48160B}.Release|Any CPU.Build.0 = Release|Any CPU
		{0C60979D-6700-415A-A802-C06F2C4A913B}.Debug|Any CPU.ActiveCfg = Debug|Any CPU
		{0C60979D-6700-415A-A802-C06F2C4A913B}.Debug|Any CPU.Build.0 = Debug|Any CPU
		{0C60979D-6700-415A-A802-C06F2C4A913B}.Release|Any CPU.ActiveCfg = Release|Any CPU
		{0C60979D-6700-415A-A802-C06F2C4A913B}.Release|Any CPU.Build.0 = Release|Any CPU
		{22908335-F8C9-4E37-A206-59727387D306}.Debug|Any CPU.ActiveCfg = Debug|Any CPU
		{22908335-F8C9-4E37-A206-59727387D306}.Debug|Any CPU.Build.0 = Debug|Any CPU
		{22908335-F8C9-4E37-A206-59727387D306}.Release|Any CPU.ActiveCfg = Release|Any CPU
		{22908335-F8C9-4E37-A206-59727387D306}.Release|Any CPU.Build.0 = Release|Any CPU
		{F6BCF5AF-10B7-42C4-A993-3386BD12E761}.Debug|Any CPU.ActiveCfg = Debug|Any CPU
		{F6BCF5AF-10B7-42C4-A993-3386BD12E761}.Debug|Any CPU.Build.0 = Debug|Any CPU
		{F6BCF5AF-10B7-42C4-A993-3386BD12E761}.Release|Any CPU.ActiveCfg = Release|Any CPU
		{F6BCF5AF-10B7-42C4-A993-3386BD12E761}.Release|Any CPU.Build.0 = Release|Any CPU
		{DEFA623D-D887-48A4-866D-CF8EBED45A66}.Debug|Any CPU.ActiveCfg = Debug|Any CPU
		{DEFA623D-D887-48A4-866D-CF8EBED45A66}.Debug|Any CPU.Build.0 = Debug|Any CPU
		{DEFA623D-D887-48A4-866D-CF8EBED45A66}.Release|Any CPU.ActiveCfg = Release|Any CPU
		{DEFA623D-D887-48A4-866D-CF8EBED45A66}.Release|Any CPU.Build.0 = Release|Any CPU
	EndGlobalSection
	GlobalSection(SolutionProperties) = preSolution
		HideSolutionNode = FALSE
	EndGlobalSection
	GlobalSection(ExtensibilityGlobals) = postSolution
		SolutionGuid = {84C1F462-B2A5-47E1-87F7-0CC2F73630B7}
	EndGlobalSection
EndGlobal
