
Microsoft Visual Studio Solution File, Format Version 12.00
# Visual Studio 15
VisualStudioVersion = 15.0.27428.2037
MinimumVisualStudioVersion = 10.0.40219.1
Project("{FAE04EC0-301F-11D3-BF4B-00C04F79EFBC}") = "CarDealer", "CarDealer\CarDealer.csproj", "{7C989631-9DF5-4C74-BDFA-275FEF68AF24}"
EndProject
Project("{FAE04EC0-301F-11D3-BF4B-00C04F79EFBC}") = "CarDealer.Data", "CarDealer.Data\CarDealer.Data.csproj", "{A2C0ACA1-E072-49E4-8720-861CE627049B}"
EndProject
Project("{FAE04EC0-301F-11D3-BF4B-00C04F79EFBC}") = "CarDealer.Data.Models", "CarDealer.Data.Models\CarDealer.Data.Models.csproj", "{6F9C1A31-BEEE-4F56-8FA4-2AC45D38D62E}"
EndProject
Global
	GlobalSection(SolutionConfigurationPlatforms) = preSolution
		Debug|Any CPU = Debug|Any CPU
		Release|Any CPU = Release|Any CPU
	EndGlobalSection
	GlobalSection(ProjectConfigurationPlatforms) = postSolution
		{7C989631-9DF5-4C74-BDFA-275FEF68AF24}.Debug|Any CPU.ActiveCfg = Debug|Any CPU
		{7C989631-9DF5-4C74-BDFA-275FEF68AF24}.Debug|Any CPU.Build.0 = Debug|Any CPU
		{7C989631-9DF5-4C74-BDFA-275FEF68AF24}.Release|Any CPU.ActiveCfg = Release|Any CPU
		{7C989631-9DF5-4C74-BDFA-275FEF68AF24}.Release|Any CPU.Build.0 = Release|Any CPU
		{A2C0ACA1-E072-49E4-8720-861CE627049B}.Debug|Any CPU.ActiveCfg = Debug|Any CPU
		{A2C0ACA1-E072-49E4-8720-861CE627049B}.Debug|Any CPU.Build.0 = Debug|Any CPU
		{A2C0ACA1-E072-49E4-8720-861CE627049B}.Release|Any CPU.ActiveCfg = Release|Any CPU
		{A2C0ACA1-E072-49E4-8720-861CE627049B}.Release|Any CPU.Build.0 = Release|Any CPU
		{6F9C1A31-BEEE-4F56-8FA4-2AC45D38D62E}.Debug|Any CPU.ActiveCfg = Debug|Any CPU
		{6F9C1A31-BEEE-4F56-8FA4-2AC45D38D62E}.Debug|Any CPU.Build.0 = Debug|Any CPU
		{6F9C1A31-BEEE-4F56-8FA4-2AC45D38D62E}.Release|Any CPU.ActiveCfg = Release|Any CPU
		{6F9C1A31-BEEE-4F56-8FA4-2AC45D38D62E}.Release|Any CPU.Build.0 = Release|Any CPU
	EndGlobalSection
	GlobalSection(SolutionProperties) = preSolution
		HideSolutionNode = FALSE
	EndGlobalSection
	GlobalSection(ExtensibilityGlobals) = postSolution
		SolutionGuid = {EE6C6199-9A88-4136-B6B9-343003B86D4C}
	EndGlobalSection
EndGlobal
