
Microsoft Visual Studio Solution File, Format Version 12.00
# Visual Studio 15
VisualStudioVersion = 15.0.27130.2036
MinimumVisualStudioVersion = 10.0.40219.1
Project("{FAE04EC0-301F-11D3-BF4B-00C04F79EFBC}") = "SweepAndPrune", "SweepAndPrune\SweepAndPrune.csproj", "{03DB9129-9C11-4A8D-8F6F-DFB8AC04413E}"
EndProject
Global
	GlobalSection(SolutionConfigurationPlatforms) = preSolution
		Debug|Any CPU = Debug|Any CPU
		Release|Any CPU = Release|Any CPU
	EndGlobalSection
	GlobalSection(ProjectConfigurationPlatforms) = postSolution
		{03DB9129-9C11-4A8D-8F6F-DFB8AC04413E}.Debug|Any CPU.ActiveCfg = Debug|Any CPU
		{03DB9129-9C11-4A8D-8F6F-DFB8AC04413E}.Debug|Any CPU.Build.0 = Debug|Any CPU
		{03DB9129-9C11-4A8D-8F6F-DFB8AC04413E}.Release|Any CPU.ActiveCfg = Release|Any CPU
		{03DB9129-9C11-4A8D-8F6F-DFB8AC04413E}.Release|Any CPU.Build.0 = Release|Any CPU
	EndGlobalSection
	GlobalSection(SolutionProperties) = preSolution
		HideSolutionNode = FALSE
	EndGlobalSection
	GlobalSection(ExtensibilityGlobals) = postSolution
		SolutionGuid = {D9DFEB0A-C127-4ED7-94B2-1B6663C67B03}
	EndGlobalSection
EndGlobal
