
Microsoft Visual Studio Solution File, Format Version 12.00
# Visual Studio 15
VisualStudioVersion = 15.0.27130.2036
MinimumVisualStudioVersion = 10.0.40219.1
Project("{FAE04EC0-301F-11D3-BF4B-00C04F79EFBC}") = "Vehicles", "Vehicles\Vehicles.csproj", "{8A77E8E1-D783-42F0-9D05-202100492620}"
EndProject
Project("{FAE04EC0-301F-11D3-BF4B-00C04F79EFBC}") = "VehiclesExtension", "VehiclesExtension\VehiclesExtension.csproj", "{6B2CD7C9-F06D-49E2-8CB2-D80ECF7C13B3}"
EndProject
Project("{FAE04EC0-301F-11D3-BF4B-00C04F79EFBC}") = "WildFarm", "WildFarm\WildFarm.csproj", "{E14690BF-E90F-4683-BA01-B7808332A681}"
EndProject
Global
	GlobalSection(SolutionConfigurationPlatforms) = preSolution
		Debug|Any CPU = Debug|Any CPU
		Release|Any CPU = Release|Any CPU
	EndGlobalSection
	GlobalSection(ProjectConfigurationPlatforms) = postSolution
		{8A77E8E1-D783-42F0-9D05-202100492620}.Debug|Any CPU.ActiveCfg = Debug|Any CPU
		{8A77E8E1-D783-42F0-9D05-202100492620}.Debug|Any CPU.Build.0 = Debug|Any CPU
		{8A77E8E1-D783-42F0-9D05-202100492620}.Release|Any CPU.ActiveCfg = Release|Any CPU
		{8A77E8E1-D783-42F0-9D05-202100492620}.Release|Any CPU.Build.0 = Release|Any CPU
		{6B2CD7C9-F06D-49E2-8CB2-D80ECF7C13B3}.Debug|Any CPU.ActiveCfg = Debug|Any CPU
		{6B2CD7C9-F06D-49E2-8CB2-D80ECF7C13B3}.Debug|Any CPU.Build.0 = Debug|Any CPU
		{6B2CD7C9-F06D-49E2-8CB2-D80ECF7C13B3}.Release|Any CPU.ActiveCfg = Release|Any CPU
		{6B2CD7C9-F06D-49E2-8CB2-D80ECF7C13B3}.Release|Any CPU.Build.0 = Release|Any CPU
		{E14690BF-E90F-4683-BA01-B7808332A681}.Debug|Any CPU.ActiveCfg = Debug|Any CPU
		{E14690BF-E90F-4683-BA01-B7808332A681}.Debug|Any CPU.Build.0 = Debug|Any CPU
		{E14690BF-E90F-4683-BA01-B7808332A681}.Release|Any CPU.ActiveCfg = Release|Any CPU
		{E14690BF-E90F-4683-BA01-B7808332A681}.Release|Any CPU.Build.0 = Release|Any CPU
	EndGlobalSection
	GlobalSection(SolutionProperties) = preSolution
		HideSolutionNode = FALSE
	EndGlobalSection
	GlobalSection(ExtensibilityGlobals) = postSolution
		SolutionGuid = {20398E0E-1757-4696-8938-E731AD96E3B8}
	EndGlobalSection
EndGlobal
