
Microsoft Visual Studio Solution File, Format Version 12.00
# Visual Studio 15
VisualStudioVersion = 15.0.27130.2036
MinimumVisualStudioVersion = 10.0.40219.1
Project("{FAE04EC0-301F-11D3-BF4B-00C04F79EFBC}") = "MassEffectGalaxyMap", "MassEffectGalaxyMap\MassEffectGalaxyMap.csproj", "{B9434187-0436-466E-9333-69DD5A54A721}"
EndProject
Global
	GlobalSection(SolutionConfigurationPlatforms) = preSolution
		Debug|Any CPU = Debug|Any CPU
		Release|Any CPU = Release|Any CPU
	EndGlobalSection
	GlobalSection(ProjectConfigurationPlatforms) = postSolution
		{B9434187-0436-466E-9333-69DD5A54A721}.Debug|Any CPU.ActiveCfg = Debug|Any CPU
		{B9434187-0436-466E-9333-69DD5A54A721}.Debug|Any CPU.Build.0 = Debug|Any CPU
		{B9434187-0436-466E-9333-69DD5A54A721}.Release|Any CPU.ActiveCfg = Release|Any CPU
		{B9434187-0436-466E-9333-69DD5A54A721}.Release|Any CPU.Build.0 = Release|Any CPU
	EndGlobalSection
	GlobalSection(SolutionProperties) = preSolution
		HideSolutionNode = FALSE
	EndGlobalSection
	GlobalSection(ExtensibilityGlobals) = postSolution
		SolutionGuid = {EE903DB1-FE35-4D67-9314-B3CDF06AE35C}
	EndGlobalSection
EndGlobal
