{
  "name": "softuniCalculator",
  "version": "0.0.0",
  "lockfileVersion": 1,
  "requires": true,
  "dependencies": {
    "accepts": {
      "version": "https://registry.npmjs.org/accepts/-/accepts-1.3.3.tgz",
      "integrity": "sha1-w8p0NJOGSMPg2cHjKN1otiLChMo=",
      "requires": {
        "mime-types": "https://registry.npmjs.org/mime-types/-/mime-types-2.1.14.tgz",
        "negotiator": "https://registry.npmjs.org/negotiator/-/negotiator-0.6.1.tgz"
      }
    },
    "align-text": {
      "version": "https://registry.npmjs.org/align-text/-/align-text-0.1.4.tgz",
      "integrity": "sha1-DNkKVhCT810KmSVsIrcGlDP60Rc=",
      "requires": {
        "kind-of": "https://registry.npmjs.org/kind-of/-/kind-of-3.0.4.tgz",
        "longest": "https://registry.npmjs.org/longest/-/longest-1.0.1.tgz",
        "repeat-string": "https://registry.npmjs.org/repeat-string/-/repeat-string-1.6.1.tgz"
      }
    },
    "amdefine": {
      "version": "https://registry.npmjs.org/amdefine/-/amdefine-1.0.1.tgz",
      "integrity": "sha1-SlKCrBZHKek2Gbz9OtFR+BfOkfU="
    },
    "array-flatten": {
      "version": "https://registry.npmjs.org/array-flatten/-/array-flatten-1.1.1.tgz",
      "integrity": "sha1-ml9pkFGx5wczKPKgCJaLZOopVdI="
    },
    "async": {
      "version": "https://registry.npmjs.org/async/-/async-1.5.2.tgz",
      "integrity": "sha1-7GphrlZIDAw8skHJVhjiCJL5Zyo="
    },
    "basic-auth": {
      "version": "https://registry.npmjs.org/basic-auth/-/basic-auth-1.0.4.tgz",
      "integrity": "sha1-Awk1sB3nyblKgksp8/zLdQ06UpA="
    },
    "bluebird": {
      "version": "https://registry.npmjs.org/bluebird/-/bluebird-2.10.2.tgz",
      "integrity": "sha1-AkpVFylTCIV/FPkfEQb8O1VfRGs="
    },
    "body-parser": {
      "version": "https://registry.npmjs.org/body-parser/-/body-parser-1.15.2.tgz",
      "integrity": "sha1-11eM9PHRHV9uqATO813Hp/9trmc=",
      "requires": {
        "bytes": "https://registry.npmjs.org/bytes/-/bytes-2.4.0.tgz",
        "content-type": "https://registry.npmjs.org/content-type/-/content-type-1.0.2.tgz",
        "debug": "https://registry.npmjs.org/debug/-/debug-2.2.0.tgz",
        "depd": "https://registry.npmjs.org/depd/-/depd-1.1.0.tgz",
        "http-errors": "https://registry.npmjs.org/http-errors/-/http-errors-1.5.1.tgz",
        "iconv-lite": "https://registry.npmjs.org/iconv-lite/-/iconv-lite-0.4.13.tgz",
        "on-finished": "https://registry.npmjs.org/on-finished/-/on-finished-2.3.0.tgz",
        "qs": "https://registry.npmjs.org/qs/-/qs-6.2.0.tgz",
        "raw-body": "https://registry.npmjs.org/raw-body/-/raw-body-2.1.7.tgz",
        "type-is": "https://registry.npmjs.org/type-is/-/type-is-1.6.14.tgz"
      }
    },
    "bson": {
      "version": "https://registry.npmjs.org/bson/-/bson-1.0.4.tgz",
      "integrity": "sha1-k8ENOeqltYQVy8QFLz5T5WKwtyw="
    },
    "buffer-shims": {
      "version": "https://registry.npmjs.org/buffer-shims/-/buffer-shims-1.0.0.tgz",
      "integrity": "sha1-mXjOMXOIxkmth5MCjDR37wRKi1E="
    },
    "bytes": {
      "version": "https://registry.npmjs.org/bytes/-/bytes-2.4.0.tgz",
      "integrity": "sha1-fZcZb51br39pNeJZhVSe3SpsIzk="
    },
    "camelcase": {
      "version": "https://registry.npmjs.org/camelcase/-/camelcase-1.2.1.tgz",
      "integrity": "sha1-m7UwTS4LVmmLLHWLCKPqqdqlijk=",
      "optional": true
    },
    "center-align": {
      "version": "https://registry.npmjs.org/center-align/-/center-align-0.1.3.tgz",
      "integrity": "sha1-qg0yYptu6XIgBBHL1EYckHvCt60=",
      "optional": true,
      "requires": {
        "align-text": "https://registry.npmjs.org/align-text/-/align-text-0.1.4.tgz",
        "lazy-cache": "https://registry.npmjs.org/lazy-cache/-/lazy-cache-1.0.4.tgz"
      }
    },
    "cliui": {
      "version": "https://registry.npmjs.org/cliui/-/cliui-2.1.0.tgz",
      "integrity": "sha1-S0dXYP+AJkx2LDoXGQMukcf+oNE=",
      "optional": true,
      "requires": {
        "center-align": "https://registry.npmjs.org/center-align/-/center-align-0.1.3.tgz",
        "right-align": "https://registry.npmjs.org/right-align/-/right-align-0.1.3.tgz",
        "wordwrap": "https://registry.npmjs.org/wordwrap/-/wordwrap-0.0.2.tgz"
      },
      "dependencies": {
        "wordwrap": {
          "version": "https://registry.npmjs.org/wordwrap/-/wordwrap-0.0.2.tgz",
          "integrity": "sha1-t5Zpu0LstAn4PVg8rVLKF+qhZD8=",
          "optional": true
        }
      }
    },
    "content-disposition": {
      "version": "https://registry.npmjs.org/content-disposition/-/content-disposition-0.5.2.tgz",
      "integrity": "sha1-DPaLud318r55YcOoUXjLhdunjLQ="
    },
    "content-type": {
      "version": "https://registry.npmjs.org/content-type/-/content-type-1.0.2.tgz",
      "integrity": "sha1-t9ETrueo3Se9IRM8TcJSnfFyHu0="
    },
    "cookie": {
      "version": "https://registry.npmjs.org/cookie/-/cookie-0.3.1.tgz",
      "integrity": "sha1-5+Ch+e9DtMi6klxcWpboBtFoc7s="
    },
    "cookie-signature": {
      "version": "https://registry.npmjs.org/cookie-signature/-/cookie-signature-1.0.6.tgz",
      "integrity": "sha1-4wOogrNCzD7oylE6eZmXNNqzriw="
    },
    "core-util-is": {
      "version": "https://registry.npmjs.org/core-util-is/-/core-util-is-1.0.2.tgz",
      "integrity": "sha1-tf1UIgqivFq1eqtxQMlAdUUDwac="
    },
    "debug": {
      "version": "https://registry.npmjs.org/debug/-/debug-2.2.0.tgz",
      "integrity": "sha1-+HBX6ZWxofauaklgZkE3vFbwOdo=",
      "requires": {
        "ms": "https://registry.npmjs.org/ms/-/ms-0.7.1.tgz"
      }
    },
    "decamelize": {
      "version": "https://registry.npmjs.org/decamelize/-/decamelize-1.2.0.tgz",
      "integrity": "sha1-9lNNFRSCabIDUue+4m9QH5oZEpA=",
      "optional": true
    },
    "depd": {
      "version": "https://registry.npmjs.org/depd/-/depd-1.1.0.tgz",
      "integrity": "sha1-4b2Cxqq2ztlluXuIsX7T5SjKGMM="
    },
    "destroy": {
      "version": "https://registry.npmjs.org/destroy/-/destroy-1.0.4.tgz",
      "integrity": "sha1-l4hXRCxEdJ5CBmE+N5RiBYJqvYA="
    },
    "ee-first": {
      "version": "https://registry.npmjs.org/ee-first/-/ee-first-1.1.1.tgz",
      "integrity": "sha1-WQxhFWsK4vTwJVcyoViyZrxWsh0="
    },
    "encodeurl": {
      "version": "https://registry.npmjs.org/encodeurl/-/encodeurl-1.0.1.tgz",
      "integrity": "sha1-eePVhlU0aQn+bw9Fpd5oEDspTSA="
    },
    "es6-promise": {
      "version": "https://registry.npmjs.org/es6-promise/-/es6-promise-3.2.1.tgz",
      "integrity": "sha1-7FYjOGgDKQkgcXDDlEjiREndH8Q="
    },
    "escape-html": {
      "version": "https://registry.npmjs.org/escape-html/-/escape-html-1.0.3.tgz",
      "integrity": "sha1-Aljq5NPQwJdN4cFpGI7wBR0dGYg="
    },
    "etag": {
      "version": "https://registry.npmjs.org/etag/-/etag-1.7.0.tgz",
      "integrity": "sha1-A9MLX2fdbmMtKUXTDWZScxo01dg="
    },
    "express": {
      "version": "https://registry.npmjs.org/express/-/express-4.14.1.tgz",
      "integrity": "sha1-ZGwjf3ZvFIwhIK/wc4F7nk1+DTM=",
      "requires": {
        "accepts": "https://registry.npmjs.org/accepts/-/accepts-1.3.3.tgz",
        "array-flatten": "https://registry.npmjs.org/array-flatten/-/array-flatten-1.1.1.tgz",
        "content-disposition": "https://registry.npmjs.org/content-disposition/-/content-disposition-0.5.2.tgz",
        "content-type": "https://registry.npmjs.org/content-type/-/content-type-1.0.2.tgz",
        "cookie": "https://registry.npmjs.org/cookie/-/cookie-0.3.1.tgz",
        "cookie-signature": "https://registry.npmjs.org/cookie-signature/-/cookie-signature-1.0.6.tgz",
        "debug": "https://registry.npmjs.org/debug/-/debug-2.2.0.tgz",
        "depd": "https://registry.npmjs.org/depd/-/depd-1.1.0.tgz",
        "encodeurl": "https://registry.npmjs.org/encodeurl/-/encodeurl-1.0.1.tgz",
        "escape-html": "https://registry.npmjs.org/escape-html/-/escape-html-1.0.3.tgz",
        "etag": "https://registry.npmjs.org/etag/-/etag-1.7.0.tgz",
        "finalhandler": "https://registry.npmjs.org/finalhandler/-/finalhandler-0.5.1.tgz",
        "fresh": "https://registry.npmjs.org/fresh/-/fresh-0.3.0.tgz",
        "merge-descriptors": "https://registry.npmjs.org/merge-descriptors/-/merge-descriptors-1.0.1.tgz",
        "methods": "https://registry.npmjs.org/methods/-/methods-1.1.2.tgz",
        "on-finished": "https://registry.npmjs.org/on-finished/-/on-finished-2.3.0.tgz",
        "parseurl": "https://registry.npmjs.org/parseurl/-/parseurl-1.3.1.tgz",
        "path-to-regexp": "https://registry.npmjs.org/path-to-regexp/-/path-to-regexp-0.1.7.tgz",
        "proxy-addr": "https://registry.npmjs.org/proxy-addr/-/proxy-addr-1.1.3.tgz",
        "qs": "https://registry.npmjs.org/qs/-/qs-6.2.0.tgz",
        "range-parser": "https://registry.npmjs.org/range-parser/-/range-parser-1.2.0.tgz",
        "send": "https://registry.npmjs.org/send/-/send-0.14.2.tgz",
        "serve-static": "https://registry.npmjs.org/serve-static/-/serve-static-1.11.2.tgz",
        "type-is": "https://registry.npmjs.org/type-is/-/type-is-1.6.14.tgz",
        "utils-merge": "https://registry.npmjs.org/utils-merge/-/utils-merge-1.0.0.tgz",
        "vary": "https://registry.npmjs.org/vary/-/vary-1.1.0.tgz"
      }
    },
    "finalhandler": {
      "version": "https://registry.npmjs.org/finalhandler/-/finalhandler-0.5.1.tgz",
      "integrity": "sha1-LEANjUUwk1vCMlScX6OF7Afeb80=",
      "requires": {
        "debug": "https://registry.npmjs.org/debug/-/debug-2.2.0.tgz",
        "escape-html": "https://registry.npmjs.org/escape-html/-/escape-html-1.0.3.tgz",
        "on-finished": "https://registry.npmjs.org/on-finished/-/on-finished-2.3.0.tgz",
        "statuses": "https://registry.npmjs.org/statuses/-/statuses-1.3.1.tgz",
        "unpipe": "https://registry.npmjs.org/unpipe/-/unpipe-1.0.0.tgz"
      }
    },
    "foreachasync": {
      "version": "https://registry.npmjs.org/foreachasync/-/foreachasync-3.0.0.tgz",
      "integrity": "sha1-VQKYfchxS+M5IJfzLgBxyd7gfPY="
    },
    "forwarded": {
      "version": "https://registry.npmjs.org/forwarded/-/forwarded-0.1.0.tgz",
      "integrity": "sha1-Ge+YdMSuHCl7zweP3mOgm2aoQ2M="
    },
    "fresh": {
      "version": "https://registry.npmjs.org/fresh/-/fresh-0.3.0.tgz",
      "integrity": "sha1-ZR+DjiJCTnVm3hYdg1jKoZn4PU8="
    },
    "handlebars": {
      "version": "https://registry.npmjs.org/handlebars/-/handlebars-4.0.5.tgz",
      "integrity": "sha1-ksbta7FkEQxQ1NjQ+93HCAbG+Oc=",
      "requires": {
        "async": "https://registry.npmjs.org/async/-/async-1.5.2.tgz",
        "optimist": "https://registry.npmjs.org/optimist/-/optimist-0.6.1.tgz",
        "source-map": "https://registry.npmjs.org/source-map/-/source-map-0.4.4.tgz",
        "uglify-js": "https://registry.npmjs.org/uglify-js/-/uglify-js-2.7.4.tgz"
      }
    },
    "handlebars-helper-selectif": {
      "version": "https://registry.npmjs.org/handlebars-helper-selectif/-/handlebars-helper-selectif-1.0.1.tgz",
      "integrity": "sha1-ZFYBavv9slcFFn5uowiO2v+CBx8="
    },
    "hbs": {
      "version": "https://registry.npmjs.org/hbs/-/hbs-4.0.1.tgz",
      "integrity": "sha1-S/2YZQ3IydrESzyprfnAmOi8M7Y=",
      "requires": {
        "handlebars": "https://registry.npmjs.org/handlebars/-/handlebars-4.0.5.tgz",
        "walk": "https://registry.npmjs.org/walk/-/walk-2.3.9.tgz"
      }
    },
    "hooks-fixed": {
      "version": "https://registry.npmjs.org/hooks-fixed/-/hooks-fixed-2.0.0.tgz",
      "integrity": "sha1-oB2JTVKsf2WZu7H2PfycQR33DLo="
    },
    "http-errors": {
      "version": "https://registry.npmjs.org/http-errors/-/http-errors-1.5.1.tgz",
      "integrity": "sha1-eIwNLB3iyBuebowBhDtrl+uSB1A=",
      "requires": {
        "inherits": "https://registry.npmjs.org/inherits/-/inherits-2.0.3.tgz",
        "setprototypeof": "https://registry.npmjs.org/setprototypeof/-/setprototypeof-1.0.2.tgz",
        "statuses": "https://registry.npmjs.org/statuses/-/statuses-1.3.1.tgz"
      },
      "dependencies": {
        "inherits": {
          "version": "https://registry.npmjs.org/inherits/-/inherits-2.0.3.tgz",
          "integrity": "sha1-Yzwsg+PaQqUC9SRmAiSA9CCCYd4="
        }
      }
    },
    "iconv-lite": {
      "version": "https://registry.npmjs.org/iconv-lite/-/iconv-lite-0.4.13.tgz",
      "integrity": "sha1-H4irpKsLFQjoMSrMOTRfNumS4vI="
    },
    "inherits": {
      "version": "https://registry.npmjs.org/inherits/-/inherits-2.0.1.tgz",
      "integrity": "sha1-sX0I0ya0Qj5Wjv9xn5GwscvfafE="
    },
    "ipaddr.js": {
      "version": "https://registry.npmjs.org/ipaddr.js/-/ipaddr.js-1.2.0.tgz",
      "integrity": "sha1-irpJyRknmVhb3WQ+DMtQ6K53e6Q="
    },
    "is-buffer": {
      "version": "https://registry.npmjs.org/is-buffer/-/is-buffer-1.1.4.tgz",
      "integrity": "sha1-z8hszV3FpS+oBIkRHGkgxFfi2Ys="
    },
    "isarray": {
      "version": "https://registry.npmjs.org/isarray/-/isarray-1.0.0.tgz",
      "integrity": "sha1-u5NdSFgsuhaMBoNJV6VKPgcSTxE="
    },
    "kareem": {
      "version": "https://registry.npmjs.org/kareem/-/kareem-1.2.1.tgz",
      "integrity": "sha1-rNuMgRmEWDSrv6WK3hz53qY9x1I="
    },
    "kind-of": {
      "version": "https://registry.npmjs.org/kind-of/-/kind-of-3.0.4.tgz",
      "integrity": "sha1-e47PGKThf4Jp1ztQHJ8jLJaIenQ=",
      "requires": {
        "is-buffer": "https://registry.npmjs.org/is-buffer/-/is-buffer-1.1.4.tgz"
      }
    },
    "lazy-cache": {
      "version": "https://registry.npmjs.org/lazy-cache/-/lazy-cache-1.0.4.tgz",
      "integrity": "sha1-odePw6UEdMuAhF07O24dpJpEbo4=",
      "optional": true
    },
    "lodash": {
      "version": "https://registry.npmjs.org/lodash/-/lodash-4.17.4.tgz",
      "integrity": "sha1-eCA6TRwyiuHYbcpkYONptX9AVa4="
    },
    "longest": {
      "version": "https://registry.npmjs.org/longest/-/longest-1.0.1.tgz",
      "integrity": "sha1-MKCy2jj3N3DoKUoNIuZiXtd9AJc="
    },
    "media-typer": {
      "version": "https://registry.npmjs.org/media-typer/-/media-typer-0.3.0.tgz",
      "integrity": "sha1-hxDXrwqmJvj/+hzgAWhUUmMlV0g="
    },
    "merge-descriptors": {
      "version": "https://registry.npmjs.org/merge-descriptors/-/merge-descriptors-1.0.1.tgz",
      "integrity": "sha1-sAqqVW3YtEVoFQ7J0blT8/kMu2E="
    },
    "methods": {
      "version": "https://registry.npmjs.org/methods/-/methods-1.1.2.tgz",
      "integrity": "sha1-VSmk1nZUE07cxSZmVoNbD4Ua/O4="
    },
    "mime": {
      "version": "https://registry.npmjs.org/mime/-/mime-1.3.4.tgz",
      "integrity": "sha1-EV+eO2s9rylZmDyzjxSaLUDrXVM="
    },
    "mime-db": {
      "version": "https://registry.npmjs.org/mime-db/-/mime-db-1.26.0.tgz",
      "integrity": "sha1-6v/NDk/Gk1z4E02iRuLmw1MFrf8="
    },
    "mime-types": {
      "version": "https://registry.npmjs.org/mime-types/-/mime-types-2.1.14.tgz",
      "integrity": "sha1-9+99l1g/yvO30oK2+LVnnaselO4=",
      "requires": {
        "mime-db": "https://registry.npmjs.org/mime-db/-/mime-db-1.26.0.tgz"
      }
    },
    "minimist": {
      "version": "https://registry.npmjs.org/minimist/-/minimist-0.0.10.tgz",
      "integrity": "sha1-3j+YVD2/lggr5IrRoMfNqDYwHc8="
    },
    "mongodb": {
      "version": "https://registry.npmjs.org/mongodb/-/mongodb-2.2.24.tgz",
      "integrity": "sha1-gPQNbsW97A3ezw+c4BROeUxGRJo=",
      "requires": {
        "es6-promise": "https://registry.npmjs.org/es6-promise/-/es6-promise-3.2.1.tgz",
        "mongodb-core": "https://registry.npmjs.org/mongodb-core/-/mongodb-core-2.1.8.tgz",
        "readable-stream": "https://registry.npmjs.org/readable-stream/-/readable-stream-2.1.5.tgz"
      }
    },
    "mongodb-core": {
      "version": "https://registry.npmjs.org/mongodb-core/-/mongodb-core-2.1.8.tgz",
      "integrity": "sha1-sz4DcNClnZe2yx7GEFJ76elcosA=",
      "requires": {
        "bson": "https://registry.npmjs.org/bson/-/bson-1.0.4.tgz",
        "require_optional": "https://registry.npmjs.org/require_optional/-/require_optional-1.0.0.tgz"
      }
    },
    "mongoose": {
      "version": "https://registry.npmjs.org/mongoose/-/mongoose-4.8.7.tgz",
      "integrity": "sha1-PGUOUcEj5TczuUeab8hXi+M+4G4=",
      "requires": {
        "async": "https://registry.npmjs.org/async/-/async-2.1.4.tgz",
        "bson": "https://registry.npmjs.org/bson/-/bson-1.0.4.tgz",
        "hooks-fixed": "https://registry.npmjs.org/hooks-fixed/-/hooks-fixed-2.0.0.tgz",
        "kareem": "https://registry.npmjs.org/kareem/-/kareem-1.2.1.tgz",
        "mongodb": "https://registry.npmjs.org/mongodb/-/mongodb-2.2.24.tgz",
        "mpath": "https://registry.npmjs.org/mpath/-/mpath-0.2.1.tgz",
        "mpromise": "https://registry.npmjs.org/mpromise/-/mpromise-0.5.5.tgz",
        "mquery": "https://registry.npmjs.org/mquery/-/mquery-2.2.3.tgz",
        "ms": "https://registry.npmjs.org/ms/-/ms-0.7.2.tgz",
        "muri": "https://registry.npmjs.org/muri/-/muri-1.2.1.tgz",
        "regexp-clone": "https://registry.npmjs.org/regexp-clone/-/regexp-clone-0.0.1.tgz",
        "sliced": "https://registry.npmjs.org/sliced/-/sliced-1.0.1.tgz"
      },
      "dependencies": {
        "async": {
          "version": "https://registry.npmjs.org/async/-/async-2.1.4.tgz",
          "integrity": "sha1-LSFgx3iAMuTdbL4lAvH5osj2zeQ=",
          "requires": {
            "lodash": "https://registry.npmjs.org/lodash/-/lodash-4.17.4.tgz"
          }
        },
        "ms": {
          "version": "https://registry.npmjs.org/ms/-/ms-0.7.2.tgz",
          "integrity": "sha1-riXPJRKziFodldfwN4aNhDESR2U="
        }
      }
    },
    "morgan": {
      "version": "https://registry.npmjs.org/morgan/-/morgan-1.7.0.tgz",
      "integrity": "sha1-6xDKjlDRq+D409rVwCAdBS2YHGI=",
      "requires": {
        "basic-auth": "https://registry.npmjs.org/basic-auth/-/basic-auth-1.0.4.tgz",
        "debug": "https://registry.npmjs.org/debug/-/debug-2.2.0.tgz",
        "depd": "https://registry.npmjs.org/depd/-/depd-1.1.0.tgz",
        "on-finished": "https://registry.npmjs.org/on-finished/-/on-finished-2.3.0.tgz",
        "on-headers": "https://registry.npmjs.org/on-headers/-/on-headers-1.0.1.tgz"
      }
    },
    "mpath": {
      "version": "https://registry.npmjs.org/mpath/-/mpath-0.2.1.tgz",
      "integrity": "sha1-Ok6Ck1mAHeljCcJ6ay4QLon56W4="
    },
    "mpromise": {
      "version": "https://registry.npmjs.org/mpromise/-/mpromise-0.5.5.tgz",
      "integrity": "sha1-9bJCWddjrMIlewoMjG2Gb9UXMuY="
    },
    "mquery": {
      "version": "https://registry.npmjs.org/mquery/-/mquery-2.2.3.tgz",
      "integrity": "sha1-pHA7ZPtnNPzlHXhKTfCVyr8aj1c=",
      "requires": {
        "bluebird": "https://registry.npmjs.org/bluebird/-/bluebird-2.10.2.tgz",
        "debug": "https://registry.npmjs.org/debug/-/debug-2.2.0.tgz",
        "regexp-clone": "https://registry.npmjs.org/regexp-clone/-/regexp-clone-0.0.1.tgz",
        "sliced": "https://registry.npmjs.org/sliced/-/sliced-0.0.5.tgz"
      },
      "dependencies": {
        "debug": {
          "version": "https://registry.npmjs.org/debug/-/debug-2.2.0.tgz",
          "integrity": "sha1-+HBX6ZWxofauaklgZkE3vFbwOdo=",
          "requires": {
            "ms": "https://registry.npmjs.org/ms/-/ms-0.7.1.tgz"
          }
        },
        "sliced": {
          "version": "https://registry.npmjs.org/sliced/-/sliced-0.0.5.tgz",
          "integrity": "sha1-XtwETKTrb3gW1Qui/GPiXY/kcH8="
        }
      }
    },
    "ms": {
      "version": "https://registry.npmjs.org/ms/-/ms-0.7.1.tgz",
      "integrity": "sha1-nNE8A62/8ltl7/3nzoZO6VIBcJg="
    },
    "muri": {
      "version": "https://registry.npmjs.org/muri/-/muri-1.2.1.tgz",
      "integrity": "sha1-7H6lzmympSPrGrNbrNpfqBbJqjw="
    },
    "negotiator": {
      "version": "https://registry.npmjs.org/negotiator/-/negotiator-0.6.1.tgz",
      "integrity": "sha1-KzJxhOiZIQEXeyhWP7XnECrNDKk="
    },
    "on-finished": {
      "version": "https://registry.npmjs.org/on-finished/-/on-finished-2.3.0.tgz",
      "integrity": "sha1-IPEzZIGwg811M3mSoWlxqi2QaUc=",
      "requires": {
        "ee-first": "https://registry.npmjs.org/ee-first/-/ee-first-1.1.1.tgz"
      }
    },
    "on-headers": {
      "version": "https://registry.npmjs.org/on-headers/-/on-headers-1.0.1.tgz",
      "integrity": "sha1-ko9dD0cNSTQmUepnlLCFfBAGk/c="
    },
    "optimist": {
      "version": "https://registry.npmjs.org/optimist/-/optimist-0.6.1.tgz",
      "integrity": "sha1-2j6nRob6IaGaERwybpDrFaAZZoY=",
      "requires": {
        "minimist": "https://registry.npmjs.org/minimist/-/minimist-0.0.10.tgz",
        "wordwrap": "https://registry.npmjs.org/wordwrap/-/wordwrap-0.0.3.tgz"
      }
    },
    "parseurl": {
      "version": "https://registry.npmjs.org/parseurl/-/parseurl-1.3.1.tgz",
      "integrity": "sha1-yKuMkiO6NIiKpkopeyiFO+wY2lY="
    },
    "path-to-regexp": {
      "version": "https://registry.npmjs.org/path-to-regexp/-/path-to-regexp-0.1.7.tgz",
      "integrity": "sha1-32BBeABfUi8V60SQ5yR6G/qmf4w="
    },
    "process-nextick-args": {
      "version": "https://registry.npmjs.org/process-nextick-args/-/process-nextick-args-1.0.7.tgz",
      "integrity": "sha1-FQ4gt1ZZCtP5EJPyWk8q2L/zC6M="
    },
    "proxy-addr": {
      "version": "https://registry.npmjs.org/proxy-addr/-/proxy-addr-1.1.3.tgz",
      "integrity": "sha1-3JdQL1ci6IhGez+iKXp7H/R98HQ=",
      "requires": {
        "forwarded": "https://registry.npmjs.org/forwarded/-/forwarded-0.1.0.tgz",
        "ipaddr.js": "https://registry.npmjs.org/ipaddr.js/-/ipaddr.js-1.2.0.tgz"
      }
    },
    "qs": {
      "version": "https://registry.npmjs.org/qs/-/qs-6.2.0.tgz",
      "integrity": "sha1-O3hIwDwt7OaalSKw+ujEEm10Xzs="
    },
    "range-parser": {
      "version": "https://registry.npmjs.org/range-parser/-/range-parser-1.2.0.tgz",
      "integrity": "sha1-9JvmtIeJTdxA3MlKMi9hEJLgDV4="
    },
    "raw-body": {
      "version": "https://registry.npmjs.org/raw-body/-/raw-body-2.1.7.tgz",
      "integrity": "sha1-rf6s4uT7MJgFgBTQjActzFl1h3Q=",
      "requires": {
        "bytes": "https://registry.npmjs.org/bytes/-/bytes-2.4.0.tgz",
        "iconv-lite": "https://registry.npmjs.org/iconv-lite/-/iconv-lite-0.4.13.tgz",
        "unpipe": "https://registry.npmjs.org/unpipe/-/unpipe-1.0.0.tgz"
      }
    },
    "readable-stream": {
      "version": "https://registry.npmjs.org/readable-stream/-/readable-stream-2.1.5.tgz",
      "integrity": "sha1-ZvqLcg4UOLNkaB8q0aY8YYRIydA=",
      "requires": {
        "buffer-shims": "https://registry.npmjs.org/buffer-shims/-/buffer-shims-1.0.0.tgz",
        "core-util-is": "https://registry.npmjs.org/core-util-is/-/core-util-is-1.0.2.tgz",
        "inherits": "https://registry.npmjs.org/inherits/-/inherits-2.0.1.tgz",
        "isarray": "https://registry.npmjs.org/isarray/-/isarray-1.0.0.tgz",
        "process-nextick-args": "https://registry.npmjs.org/process-nextick-args/-/process-nextick-args-1.0.7.tgz",
        "string_decoder": "https://registry.npmjs.org/string_decoder/-/string_decoder-0.10.31.tgz",
        "util-deprecate": "https://registry.npmjs.org/util-deprecate/-/util-deprecate-1.0.2.tgz"
      }
    },
    "regexp-clone": {
      "version": "https://registry.npmjs.org/regexp-clone/-/regexp-clone-0.0.1.tgz",
      "integrity": "sha1-p8LgmJH9vzj7sQ03b7cwA+aKxYk="
    },
    "repeat-string": {
      "version": "https://registry.npmjs.org/repeat-string/-/repeat-string-1.6.1.tgz",
      "integrity": "sha1-jcrkcOHIirwtYA//Sndihtp15jc="
    },
    "require_optional": {
      "version": "https://registry.npmjs.org/require_optional/-/require_optional-1.0.0.tgz",
      "integrity": "sha1-UqhhN6hJco62ClVTNhf4+RT1mr8=",
      "requires": {
        "resolve-from": "https://registry.npmjs.org/resolve-from/-/resolve-from-2.0.0.tgz",
        "semver": "https://registry.npmjs.org/semver/-/semver-5.3.0.tgz"
      }
    },
    "resolve-from": {
      "version": "https://registry.npmjs.org/resolve-from/-/resolve-from-2.0.0.tgz",
      "integrity": "sha1-lICrIOlP+h2egKgEx+oUdhGWa1c="
    },
    "right-align": {
      "version": "https://registry.npmjs.org/right-align/-/right-align-0.1.3.tgz",
      "integrity": "sha1-YTObci/mo1FWiSENJOFMlhSGE+8=",
      "optional": true,
      "requires": {
        "align-text": "https://registry.npmjs.org/align-text/-/align-text-0.1.4.tgz"
      }
    },
    "semver": {
      "version": "https://registry.npmjs.org/semver/-/semver-5.3.0.tgz",
      "integrity": "sha1-myzl094C0XxgEq0yaqa00M9U+U8="
    },
    "send": {
      "version": "https://registry.npmjs.org/send/-/send-0.14.2.tgz",
      "integrity": "sha1-ObBDiz9RC+Xcb2Z6EfcWiTaM3u8=",
      "requires": {
        "debug": "https://registry.npmjs.org/debug/-/debug-2.2.0.tgz",
        "depd": "https://registry.npmjs.org/depd/-/depd-1.1.0.tgz",
        "destroy": "https://registry.npmjs.org/destroy/-/destroy-1.0.4.tgz",
        "encodeurl": "https://registry.npmjs.org/encodeurl/-/encodeurl-1.0.1.tgz",
        "escape-html": "https://registry.npmjs.org/escape-html/-/escape-html-1.0.3.tgz",
        "etag": "https://registry.npmjs.org/etag/-/etag-1.7.0.tgz",
        "fresh": "https://registry.npmjs.org/fresh/-/fresh-0.3.0.tgz",
        "http-errors": "https://registry.npmjs.org/http-errors/-/http-errors-1.5.1.tgz",
        "mime": "https://registry.npmjs.org/mime/-/mime-1.3.4.tgz",
        "ms": "https://registry.npmjs.org/ms/-/ms-0.7.2.tgz",
        "on-finished": "https://registry.npmjs.org/on-finished/-/on-finished-2.3.0.tgz",
        "range-parser": "https://registry.npmjs.org/range-parser/-/range-parser-1.2.0.tgz",
        "statuses": "https://registry.npmjs.org/statuses/-/statuses-1.3.1.tgz"
      },
      "dependencies": {
        "ms": {
          "version": "https://registry.npmjs.org/ms/-/ms-0.7.2.tgz",
          "integrity": "sha1-riXPJRKziFodldfwN4aNhDESR2U="
        }
      }
    },
    "serve-favicon": {
      "version": "https://registry.npmjs.org/serve-favicon/-/serve-favicon-2.3.2.tgz",
      "integrity": "sha1-3UGeJo3gEqtysxnTN/IQUBP5OB8=",
      "requires": {
        "etag": "https://registry.npmjs.org/etag/-/etag-1.7.0.tgz",
        "fresh": "https://registry.npmjs.org/fresh/-/fresh-0.3.0.tgz",
        "ms": "https://registry.npmjs.org/ms/-/ms-0.7.2.tgz",
        "parseurl": "https://registry.npmjs.org/parseurl/-/parseurl-1.3.1.tgz"
      },
      "dependencies": {
        "ms": {
          "version": "https://registry.npmjs.org/ms/-/ms-0.7.2.tgz",
          "integrity": "sha1-riXPJRKziFodldfwN4aNhDESR2U="
        }
      }
    },
    "serve-static": {
      "version": "https://registry.npmjs.org/serve-static/-/serve-static-1.11.2.tgz",
      "integrity": "sha1-LPmIm9RDWjIMw2iVyapXvWYuasc=",
      "requires": {
        "encodeurl": "https://registry.npmjs.org/encodeurl/-/encodeurl-1.0.1.tgz",
        "escape-html": "https://registry.npmjs.org/escape-html/-/escape-html-1.0.3.tgz",
        "parseurl": "https://registry.npmjs.org/parseurl/-/parseurl-1.3.1.tgz",
        "send": "https://registry.npmjs.org/send/-/send-0.14.2.tgz"
      }
    },
    "setprototypeof": {
      "version": "https://registry.npmjs.org/setprototypeof/-/setprototypeof-1.0.2.tgz",
      "integrity": "sha1-gaVSFB7BBLiOic44MQOtXGZWTQg="
    },
    "sliced": {
      "version": "https://registry.npmjs.org/sliced/-/sliced-1.0.1.tgz",
      "integrity": "sha1-CzpmK10Ewxd7GSa+qCsD+Dei70E="
    },
    "source-map": {
      "version": "https://registry.npmjs.org/source-map/-/source-map-0.4.4.tgz",
      "integrity": "sha1-66T12pwNyZneaAMti092FzZSA2s=",
      "requires": {
        "amdefine": "https://registry.npmjs.org/amdefine/-/amdefine-1.0.1.tgz"
      }
    },
    "statuses": {
      "version": "https://registry.npmjs.org/statuses/-/statuses-1.3.1.tgz",
      "integrity": "sha1-+vUbnrdKrvOzrPStX2Gr8ky3uT4="
    },
    "string_decoder": {
      "version": "https://registry.npmjs.org/string_decoder/-/string_decoder-0.10.31.tgz",
      "integrity": "sha1-YuIDvEF2bGwoyfyEMB2rHFMQ+pQ="
    },
    "type-is": {
      "version": "https://registry.npmjs.org/type-is/-/type-is-1.6.14.tgz",
      "integrity": "sha1-4hljnBfe0coHiQkt1UoDgmuBfLI=",
      "requires": {
        "media-typer": "https://registry.npmjs.org/media-typer/-/media-typer-0.3.0.tgz",
        "mime-types": "https://registry.npmjs.org/mime-types/-/mime-types-2.1.14.tgz"
      }
    },
    "uglify-js": {
      "version": "https://registry.npmjs.org/uglify-js/-/uglify-js-2.7.4.tgz",
      "integrity": "sha1-opWg3hK2plDAMcQN6w3ECxRWi9I=",
      "optional": true,
      "requires": {
        "async": "https://registry.npmjs.org/async/-/async-0.2.10.tgz",
        "source-map": "https://registry.npmjs.org/source-map/-/source-map-0.5.6.tgz",
        "uglify-to-browserify": "https://registry.npmjs.org/uglify-to-browserify/-/uglify-to-browserify-1.0.2.tgz",
        "yargs": "https://registry.npmjs.org/yargs/-/yargs-3.10.0.tgz"
      },
      "dependencies": {
        "async": {
          "version": "https://registry.npmjs.org/async/-/async-0.2.10.tgz",
          "integrity": "sha1-trvgsGdLnXGXCMo43owjfLUmw9E=",
          "optional": true
        },
        "source-map": {
          "version": "https://registry.npmjs.org/source-map/-/source-map-0.5.6.tgz",
          "integrity": "sha1-dc449SvwczxafwwRjYEzSiu19BI=",
          "optional": true
        }
      }
    },
    "uglify-to-browserify": {
      "version": "https://registry.npmjs.org/uglify-to-browserify/-/uglify-to-browserify-1.0.2.tgz",
      "integrity": "sha1-bgkk1r2mta/jSeOabWMoUKD4grc=",
      "optional": true
    },
    "unpipe": {
      "version": "https://registry.npmjs.org/unpipe/-/unpipe-1.0.0.tgz",
      "integrity": "sha1-sr9O6FFKrmFltIF4KdIbLvSZBOw="
    },
    "util-deprecate": {
      "version": "https://registry.npmjs.org/util-deprecate/-/util-deprecate-1.0.2.tgz",
      "integrity": "sha1-RQ1Nyfpw3nMnYvvS1KKJgUGaDM8="
    },
    "utils-merge": {
      "version": "https://registry.npmjs.org/utils-merge/-/utils-merge-1.0.0.tgz",
      "integrity": "sha1-ApT7kiu5N1FTVBxPcJYjHyh8ivg="
    },
    "vary": {
      "version": "https://registry.npmjs.org/vary/-/vary-1.1.0.tgz",
      "integrity": "sha1-4eWv+70WrnaN0mdDlLmtMCJlMUA="
    },
    "walk": {
      "version": "https://registry.npmjs.org/walk/-/walk-2.3.9.tgz",
      "integrity": "sha1-MbTbZnjyrgHDnqn7hyWpAx5Vins=",
      "requires": {
        "foreachasync": "https://registry.npmjs.org/foreachasync/-/foreachasync-3.0.0.tgz"
      }
    },
    "window-size": {
      "version": "https://registry.npmjs.org/window-size/-/window-size-0.1.0.tgz",
      "integrity": "sha1-VDjNLqk7IC76Ohn+iIeu58lPnJ0=",
      "optional": true
    },
    "wordwrap": {
      "version": "https://registry.npmjs.org/wordwrap/-/wordwrap-0.0.3.tgz",
      "integrity": "sha1-o9XabNXAvAAI03I0u68b7WMFkQc="
    },
    "yargs": {
      "version": "https://registry.npmjs.org/yargs/-/yargs-3.10.0.tgz",
      "integrity": "sha1-9+572FfdfB0tOMDnTvvWgdFDH9E=",
      "optional": true,
      "requires": {
        "camelcase": "https://registry.npmjs.org/camelcase/-/camelcase-1.2.1.tgz",
        "cliui": "https://registry.npmjs.org/cliui/-/cliui-2.1.0.tgz",
        "decamelize": "https://registry.npmjs.org/decamelize/-/decamelize-1.2.0.tgz",
        "window-size": "https://registry.npmjs.org/window-size/-/window-size-0.1.0.tgz"
      }
    }
  }
}
