
Microsoft Visual Studio Solution File, Format Version 12.00
# Visual Studio 15
VisualStudioVersion = 15.0.27130.2024
MinimumVisualStudioVersion = 10.0.40219.1
Project("{FAE04EC0-301F-11D3-BF4B-00C04F79EFBC}") = "1. Reverse Strings", "1. Reverse Strings\1. Reverse Strings.csproj", "{75D36442-AB56-4F15-81D3-EC3E840F458B}"
EndProject
Project("{FAE04EC0-301F-11D3-BF4B-00C04F79EFBC}") = "2. Simple Calculator", "2. Simple Calculator\2. Simple Calculator.csproj", "{2B2626E9-F42D-4E8D-8BF4-67E533394A47}"
EndProject
Project("{FAE04EC0-301F-11D3-BF4B-00C04F79EFBC}") = "3. Decimal to Binary Converter", "3. Decimal to Binary Converter\3. Decimal to Binary Converter.csproj", "{EE0D83A8-1FF3-4C9A-99C8-84BEAC330635}"
EndProject
Project("{FAE04EC0-301F-11D3-BF4B-00C04F79EFBC}") = "4. Matching Brackets", "4. Matching Brackets\4. Matching Brackets.csproj", "{8DE48374-04C0-49A0-906D-8ADDE3BD7C9D}"
EndProject
Project("{FAE04EC0-301F-11D3-BF4B-00C04F79EFBC}") = "5. Hot Potato", "5. Hot Potato\5. Hot Potato.csproj", "{B497CD8C-578E-47B8-8DD6-C1C1F1CA9EF7}"
EndProject
Project("{FAE04EC0-301F-11D3-BF4B-00C04F79EFBC}") = "6. Traffic Jam", "6. Traffic Jam\6. Traffic Jam.csproj", "{26993A49-06B3-4382-94D1-DCE4CB110BA1}"
EndProject
Global
	GlobalSection(SolutionConfigurationPlatforms) = preSolution
		Debug|Any CPU = Debug|Any CPU
		Release|Any CPU = Release|Any CPU
	EndGlobalSection
	GlobalSection(ProjectConfigurationPlatforms) = postSolution
		{75D36442-AB56-4F15-81D3-EC3E840F458B}.Debug|Any CPU.ActiveCfg = Debug|Any CPU
		{75D36442-AB56-4F15-81D3-EC3E840F458B}.Debug|Any CPU.Build.0 = Debug|Any CPU
		{75D36442-AB56-4F15-81D3-EC3E840F458B}.Release|Any CPU.ActiveCfg = Release|Any CPU
		{75D36442-AB56-4F15-81D3-EC3E840F458B}.Release|Any CPU.Build.0 = Release|Any CPU
		{2B2626E9-F42D-4E8D-8BF4-67E533394A47}.Debug|Any CPU.ActiveCfg = Debug|Any CPU
		{2B2626E9-F42D-4E8D-8BF4-67E533394A47}.Debug|Any CPU.Build.0 = Debug|Any CPU
		{2B2626E9-F42D-4E8D-8BF4-67E533394A47}.Release|Any CPU.ActiveCfg = Release|Any CPU
		{2B2626E9-F42D-4E8D-8BF4-67E533394A47}.Release|Any CPU.Build.0 = Release|Any CPU
		{EE0D83A8-1FF3-4C9A-99C8-84BEAC330635}.Debug|Any CPU.ActiveCfg = Debug|Any CPU
		{EE0D83A8-1FF3-4C9A-99C8-84BEAC330635}.Debug|Any CPU.Build.0 = Debug|Any CPU
		{EE0D83A8-1FF3-4C9A-99C8-84BEAC330635}.Release|Any CPU.ActiveCfg = Release|Any CPU
		{EE0D83A8-1FF3-4C9A-99C8-84BEAC330635}.Release|Any CPU.Build.0 = Release|Any CPU
		{8DE48374-04C0-49A0-906D-8ADDE3BD7C9D}.Debug|Any CPU.ActiveCfg = Debug|Any CPU
		{8DE48374-04C0-49A0-906D-8ADDE3BD7C9D}.Debug|Any CPU.Build.0 = Debug|Any CPU
		{8DE48374-04C0-49A0-906D-8ADDE3BD7C9D}.Release|Any CPU.ActiveCfg = Release|Any CPU
		{8DE48374-04C0-49A0-906D-8ADDE3BD7C9D}.Release|Any CPU.Build.0 = Release|Any CPU
		{B497CD8C-578E-47B8-8DD6-C1C1F1CA9EF7}.Debug|Any CPU.ActiveCfg = Debug|Any CPU
		{B497CD8C-578E-47B8-8DD6-C1C1F1CA9EF7}.Debug|Any CPU.Build.0 = Debug|Any CPU
		{B497CD8C-578E-47B8-8DD6-C1C1F1CA9EF7}.Release|Any CPU.ActiveCfg = Release|Any CPU
		{B497CD8C-578E-47B8-8DD6-C1C1F1CA9EF7}.Release|Any CPU.Build.0 = Release|Any CPU
		{26993A49-06B3-4382-94D1-DCE4CB110BA1}.Debug|Any CPU.ActiveCfg = Debug|Any CPU
		{26993A49-06B3-4382-94D1-DCE4CB110BA1}.Debug|Any CPU.Build.0 = Debug|Any CPU
		{26993A49-06B3-4382-94D1-DCE4CB110BA1}.Release|Any CPU.ActiveCfg = Release|Any CPU
		{26993A49-06B3-4382-94D1-DCE4CB110BA1}.Release|Any CPU.Build.0 = Release|Any CPU
	EndGlobalSection
	GlobalSection(SolutionProperties) = preSolution
		HideSolutionNode = FALSE
	EndGlobalSection
	GlobalSection(ExtensibilityGlobals) = postSolution
		SolutionGuid = {D4171D33-5FE7-43BE-8927-C73030987982}
	EndGlobalSection
EndGlobal
