
Microsoft Visual Studio Solution File, Format Version 12.00
# Visual Studio 15
VisualStudioVersion = 15.0.27428.2011
MinimumVisualStudioVersion = 10.0.40219.1
Project("{FAE04EC0-301F-11D3-BF4B-00C04F79EFBC}") = "Logger.App", "Logger.App\Logger.App.csproj", "{772B97BF-6E3F-45C0-81D8-741DC6F7AB2E}"
EndProject
Project("{FAE04EC0-301F-11D3-BF4B-00C04F79EFBC}") = "Logger.Models", "Logger.Models\Logger.Models.csproj", "{FDFA0B7F-2E40-4D3D-B699-75185A8FA4B3}"
EndProject
Global
	GlobalSection(SolutionConfigurationPlatforms) = preSolution
		Debug|Any CPU = Debug|Any CPU
		Release|Any CPU = Release|Any CPU
	EndGlobalSection
	GlobalSection(ProjectConfigurationPlatforms) = postSolution
		{772B97BF-6E3F-45C0-81D8-741DC6F7AB2E}.Debug|Any CPU.ActiveCfg = Debug|Any CPU
		{772B97BF-6E3F-45C0-81D8-741DC6F7AB2E}.Debug|Any CPU.Build.0 = Debug|Any CPU
		{772B97BF-6E3F-45C0-81D8-741DC6F7AB2E}.Release|Any CPU.ActiveCfg = Release|Any CPU
		{772B97BF-6E3F-45C0-81D8-741DC6F7AB2E}.Release|Any CPU.Build.0 = Release|Any CPU
		{FDFA0B7F-2E40-4D3D-B699-75185A8FA4B3}.Debug|Any CPU.ActiveCfg = Debug|Any CPU
		{FDFA0B7F-2E40-4D3D-B699-75185A8FA4B3}.Debug|Any CPU.Build.0 = Debug|Any CPU
		{FDFA0B7F-2E40-4D3D-B699-75185A8FA4B3}.Release|Any CPU.ActiveCfg = Release|Any CPU
		{FDFA0B7F-2E40-4D3D-B699-75185A8FA4B3}.Release|Any CPU.Build.0 = Release|Any CPU
	EndGlobalSection
	GlobalSection(SolutionProperties) = preSolution
		HideSolutionNode = FALSE
	EndGlobalSection
	GlobalSection(ExtensibilityGlobals) = postSolution
		SolutionGuid = {BDAF5D2F-D074-4AB1-AF01-FF865CB3CD6B}
	EndGlobalSection
EndGlobal
